// !$*UTF8*$!
{
	archiveVersion = 1;
	classes = {
	};
	objectVersion = 77;
	objects = {

/* Begin PBXBuildFile section */
		065F8A7C85967251D9874498 /* FeedbackTests.swift in Sources */ = {isa = PBXBuildFile; fileRef = 828D80AD650BE78F3A3A5B01 /* FeedbackTests.swift */; };
		072A867A5C91B55DEDDB8003 /* APIClientTests.swift in Sources */ = {isa = PBXBuildFile; fileRef = 477F27F422BC885485F1DCD7 /* APIClientTests.swift */; };
		0BA3AC8AA4D52C9046A96E08 /* ContentSource.swift in Sources */ = {isa = PBXBuildFile; fileRef = 0EDA7FBE5776E5E95A98DC46 /* ContentSource.swift */; };
		15D882C2B5CBF0B622094ACA /* DebugLaunch.swift in Sources */ = {isa = PBXBuildFile; fileRef = B664E6520554654C95E008AF /* DebugLaunch.swift */; };
		15ED64051D15AE81166065EF /* FilterPreferences.swift in Sources */ = {isa = PBXBuildFile; fileRef = 1AA3C91DB61950453D2ECD28 /* FilterPreferences.swift */; };
		1B3A371C4D3C6DC9D02E30DF /* Spectral-Italic.ttf in Resources */ = {isa = PBXBuildFile; fileRef = 232B4DF5F8F3A46D875AC14A /* Spectral-Italic.ttf */; };
		1BCA898811FB876630C02833 /* UserProfile.swift in Sources */ = {isa = PBXBuildFile; fileRef = 5AFFF21173425E63D43D9E48 /* UserProfile.swift */; };
		1CB347E874872892A9B304C6 /* TestSupport.swift in Sources */ = {isa = PBXBuildFile; fileRef = BD9364B69B6ED2F7A4953615 /* TestSupport.swift */; };
		20E2DBF330C1C5ED427C99F6 /* OFL-Spectral.txt in Resources */ = {isa = PBXBuildFile; fileRef = 38BC1A1D1E8B40FB7CD12CD8 /* OFL-Spectral.txt */; };
		21404C08D18C1141544AC640 /* feed.json in Resources */ = {isa = PBXBuildFile; fileRef = 52D8FD71DFA90B8CBEF94191 /* feed.json */; };
		224CCC52AFC6CEDAB3CEADD2 /* EditionSchedule.swift in Sources */ = {isa = PBXBuildFile; fileRef = 9651203C734ABF10AD64C992 /* EditionSchedule.swift */; };
		25AB7F58E80291C083A59873 /* ThemePicker.swift in Sources */ = {isa = PBXBuildFile; fileRef = 7DE3BB5A8C46DA4FA3E2A71E /* ThemePicker.swift */; };
		268081EC58CD3D017724DD44 /* CalendarDate.swift in Sources */ = {isa = PBXBuildFile; fileRef = 095C1AEB9B6DCABE5D002382 /* CalendarDate.swift */; };
		27DC8CE90904C2B365B03397 /* NewsCountry.swift in Sources */ = {isa = PBXBuildFile; fileRef = 4F08B9819EFF46C36B9728FA /* NewsCountry.swift */; };
		2EA530B03EC24E38D843F8E1 /* OFL-IBMPlexMono.txt in Resources */ = {isa = PBXBuildFile; fileRef = 0F3A456217FED8E4DA28E55B /* OFL-IBMPlexMono.txt */; };
		2F95178D9484D7FB8EC05161 /* ReminderPlanner.swift in Sources */ = {isa = PBXBuildFile; fileRef = 4169DBAF90744A2FCACF6F02 /* ReminderPlanner.swift */; };
		37A8960809A2E58316477BA2 /* Models.swift in Sources */ = {isa = PBXBuildFile; fileRef = 850D1D648AB0FC1DC901C434 /* Models.swift */; };
		38B656E2C6765C652FBF9060 /* StoryDetailView.swift in Sources */ = {isa = PBXBuildFile; fileRef = 413139752B208392E28425E2 /* StoryDetailView.swift */; };
		3A6E14DA59E4FCDE228BBC50 /* ModelsTests.swift in Sources */ = {isa = PBXBuildFile; fileRef = 54F9A27E4068B3AC3969E265 /* ModelsTests.swift */; };
		45C6FDC68569568FF36E7157 /* Fixtures.swift in Sources */ = {isa = PBXBuildFile; fileRef = 11E782453F2063C46EF1B227 /* Fixtures.swift */; };
		46F36C0000FB6C0B66F78DC8 /* GolosText.ttf in Resources */ = {isa = PBXBuildFile; fileRef = 12592B5FA207030C6903010C /* GolosText.ttf */; };
		470EBB27B0AD63A7A419D801 /* TodayView.swift in Sources */ = {isa = PBXBuildFile; fileRef = 55DE7BDFECA1E641E6A6CAE7 /* TodayView.swift */; };
		4E856330D5A2F3C2BE473152 /* Assets.xcassets in Resources */ = {isa = PBXBuildFile; fileRef = 9FFBAD6BC1E7C1A81352347B /* Assets.xcassets */; };
		4F1544404B462A6E6A041C02 /* IBMPlexMono-Medium.ttf in Resources */ = {isa = PBXBuildFile; fileRef = 8383037DB7786CCEDF7C67AD /* IBMPlexMono-Medium.ttf */; };
		56FD48CD21DD616F58018133 /* Profile.swift in Sources */ = {isa = PBXBuildFile; fileRef = D671F98141DBF06DB3B0795C /* Profile.swift */; };
		58FA838A60101B98189CF897 /* ProfileView.swift in Sources */ = {isa = PBXBuildFile; fileRef = 6792657B369D22B99D52C848 /* ProfileView.swift */; };
		60B9D785B8E9F890667238D7 /* AudienceMatcher.swift in Sources */ = {isa = PBXBuildFile; fileRef = 4633D1EBE10E612C3D5AE4D7 /* AudienceMatcher.swift */; };
		64F9A6AFB9F70F5A2315CB1B /* ShtilApp.swift in Sources */ = {isa = PBXBuildFile; fileRef = DD369A6F2A98B7C892AB2606 /* ShtilApp.swift */; };
		6FFE4567AB8CE62676080111 /* Spectral-SemiBold.ttf in Resources */ = {isa = PBXBuildFile; fileRef = 96A1A546CBD35E61D6977F74 /* Spectral-SemiBold.ttf */; };
		71465F5116900C99E183A85B /* Taxonomy.swift in Sources */ = {isa = PBXBuildFile; fileRef = 16E163CCF5E836CC263CE643 /* Taxonomy.swift */; };
		780BFB2866C9C51C01A1E485 /* ContentCache.swift in Sources */ = {isa = PBXBuildFile; fileRef = A546A793A3BA0503F116BD65 /* ContentCache.swift */; };
		7D8D622FC18FCC65201C9135 /* LawDetailView.swift in Sources */ = {isa = PBXBuildFile; fileRef = 1DC5FF54F5A4DFE974ABFBDA /* LawDetailView.swift */; };
		7EC28BD385C14EC2F25226EC /* APIClient.swift in Sources */ = {isa = PBXBuildFile; fileRef = 5DCB95050332210CAE671C93 /* APIClient.swift */; };
		86BC0A57336C79476CEB083A /* PersistenceStack.swift in Sources */ = {isa = PBXBuildFile; fileRef = D2607D04B037B2CBA38B286F /* PersistenceStack.swift */; };
		87247F113AE6BB8E676F630D /* ThemeTests.swift in Sources */ = {isa = PBXBuildFile; fileRef = 8BDBD3DF1860E360A2BFD910 /* ThemeTests.swift */; };
		89B7BC43E465AE2E176BC04A /* PoliticalMarkers.swift in Sources */ = {isa = PBXBuildFile; fileRef = 51E814D2586E5352B1995B57 /* PoliticalMarkers.swift */; };
		8CA57A7E32BE3A2232A861E0 /* FeedbackAction.swift in Sources */ = {isa = PBXBuildFile; fileRef = 375566AC0428F0F11DD32D36 /* FeedbackAction.swift */; };
		90BE5C55407A2B3645486639 /* FilterSettings.swift in Sources */ = {isa = PBXBuildFile; fileRef = 205D3D896F053D304F68B008 /* FilterSettings.swift */; };
		9476527487337836631A2FC1 /* FiltersView.swift in Sources */ = {isa = PBXBuildFile; fileRef = 4778109D74D396B97EC36F10 /* FiltersView.swift */; };
		9A7896C3BF085B1C6C9EBBAB /* Edition.swift in Sources */ = {isa = PBXBuildFile; fileRef = 2C9C0400A3D1ACD4134C70F1 /* Edition.swift */; };
		9B0220D8A8C424D276E28E09 /* AppModel.swift in Sources */ = {isa = PBXBuildFile; fileRef = FA7A1EC728E46945110E3BAC /* AppModel.swift */; };
		A72A2896FDAE4F3A28A667D9 /* Spectral-Medium.ttf in Resources */ = {isa = PBXBuildFile; fileRef = 1512E79115069DBA8B98B744 /* Spectral-Medium.ttf */; };
		A7B3B7FE18BC580C0420C1B9 /* laws.json in Resources */ = {isa = PBXBuildFile; fileRef = 5D3E51078D787B2D23112A6C /* laws.json */; };
		ABB0DA57A1C59E484F21D5A6 /* CalendarView.swift in Sources */ = {isa = PBXBuildFile; fileRef = 1BAFCB8AFB820A446BFFC4CC /* CalendarView.swift */; };
		B12E1564B1D72B7FD6EF6AF0 /* NotificationScheduling.swift in Sources */ = {isa = PBXBuildFile; fileRef = 60FEA261516217AB65986558 /* NotificationScheduling.swift */; };
		B61074EECAF1D002B366D4A5 /* OFL-Onest.txt in Resources */ = {isa = PBXBuildFile; fileRef = 12A7389D039A24FD92C58793 /* OFL-Onest.txt */; };
		BC23F46B649FF715C61F12FF /* OnboardingFlow.swift in Sources */ = {isa = PBXBuildFile; fileRef = D9D32CA5803C2667E618D9CF /* OnboardingFlow.swift */; };
		C3247B186CBD75E136177508 /* ThemeFonts.swift in Sources */ = {isa = PBXBuildFile; fileRef = B1DCC7311219907920FC557B /* ThemeFonts.swift */; };
		C41C32BCAEABEA6BA0DEA9DC /* Color+Hex.swift in Sources */ = {isa = PBXBuildFile; fileRef = 10F8E0BDC15FA449D5D054C6 /* Color+Hex.swift */; };
		C9733E3DB33B763EBBCEEA25 /* AudienceLabels.swift in Sources */ = {isa = PBXBuildFile; fileRef = FB0BD549AD839EFF2F6B794F /* AudienceLabels.swift */; };
		CA881176B5D1206BF3A9626F /* BuildingPlanTests.swift in Sources */ = {isa = PBXBuildFile; fileRef = 73E812067082A431F0BDA4D5 /* BuildingPlanTests.swift */; };
		CAE44509D2855C6912AE0785 /* IBMPlexMono-Regular.ttf in Resources */ = {isa = PBXBuildFile; fileRef = CAFF0558405AEC19067495F6 /* IBMPlexMono-Regular.ttf */; };
		CB2525B1C2F028A3129E2326 /* AudienceMatcherTests.swift in Sources */ = {isa = PBXBuildFile; fileRef = 189778CC9B2E2960A16888F2 /* AudienceMatcherTests.swift */; };
		CE12E4565A50BCAC3F2EEAE8 /* BuildingPlan.swift in Sources */ = {isa = PBXBuildFile; fileRef = 49FDAEF4426E783F0F754687 /* BuildingPlan.swift */; };
		D451DE1289C5BF9440F8282B /* Theme.swift in Sources */ = {isa = PBXBuildFile; fileRef = DAD4282C3622FB252E9041EA /* Theme.swift */; };
		E3259868BC73CC61B972BEB4 /* PoliticalMarkersTests.swift in Sources */ = {isa = PBXBuildFile; fileRef = 5DE6260A0C8F27CB96089B24 /* PoliticalMarkersTests.swift */; };
		E698CF5CAA588120DAA2067D /* Onest.ttf in Resources */ = {isa = PBXBuildFile; fileRef = 8C41D54A822115A3B3BE031C /* Onest.ttf */; };
		E91A835F09E0A9B8227CCD29 /* TabBar.swift in Sources */ = {isa = PBXBuildFile; fileRef = 814998760DAE23653A87B4B4 /* TabBar.swift */; };
		E9735537C85EF82CFD9CDE0B /* Components.swift in Sources */ = {isa = PBXBuildFile; fileRef = 02AB45296577EA4180CA34C6 /* Components.swift */; };
		EC67C17B874F434A7C6B07BB /* FormattingTests.swift in Sources */ = {isa = PBXBuildFile; fileRef = FDFE722442223BB12DA85E7A /* FormattingTests.swift */; };
		EF51CE6AE675763B9E593392 /* ThemeChoice.swift in Sources */ = {isa = PBXBuildFile; fileRef = 2D25426FC1E3707C3C434C98 /* ThemeChoice.swift */; };
		EFFFF296D52010F6FB6D4036 /* RuFormat.swift in Sources */ = {isa = PBXBuildFile; fileRef = ED38AFE3E599F396EA141168 /* RuFormat.swift */; };
		F1ABCA47A76D4DBF7696A5DB /* ProfileForm.swift in Sources */ = {isa = PBXBuildFile; fileRef = D7A087583FA2198A45027771 /* ProfileForm.swift */; };
		F39DEDD445E00398626B67F2 /* PersistenceTests.swift in Sources */ = {isa = PBXBuildFile; fileRef = 05A7625F93C019FDA12C1B75 /* PersistenceTests.swift */; };
		F5079CA61749855FB7C7387B /* CachedModels.swift in Sources */ = {isa = PBXBuildFile; fileRef = 73CC8912302A57C0BA82D383 /* CachedModels.swift */; };
		F75FEFB67D122A6E77599ACB /* RootView.swift in Sources */ = {isa = PBXBuildFile; fileRef = 2D6A3D0ABDCC63A710F0A213 /* RootView.swift */; };
		FC19AD6581DCE51867294846 /* OFL-GolosText.txt in Resources */ = {isa = PBXBuildFile; fileRef = 67F30B90BB587BEF614B7C03 /* OFL-GolosText.txt */; };
		FC2BF66CCE1A79805720161E /* FilterEngine.swift in Sources */ = {isa = PBXBuildFile; fileRef = 0E3AF222457D427AFCF2F791 /* FilterEngine.swift */; };
		FD50E3E43679E609FDC01089 /* FilterEngineTests.swift in Sources */ = {isa = PBXBuildFile; fileRef = B9704B4509C3EF4B7132F295 /* FilterEngineTests.swift */; };
/* End PBXBuildFile section */

/* Begin PBXContainerItemProxy section */
		08DD09411C31A5C800BCA8D2 /* PBXContainerItemProxy */ = {
			isa = PBXContainerItemProxy;
			containerPortal = A54C2251F31FA2D6B846866D /* Project object */;
			proxyType = 1;
			remoteGlobalIDString = 37BEF668F7EB0D92BF923E32;
			remoteInfo = Shtil;
		};
/* End PBXContainerItemProxy section */

/* Begin PBXFileReference section */
		02AB45296577EA4180CA34C6 /* Components.swift */ = {isa = PBXFileReference; lastKnownFileType = sourcecode.swift; path = Components.swift; sourceTree = "<group>"; };
		05A7625F93C019FDA12C1B75 /* PersistenceTests.swift */ = {isa = PBXFileReference; lastKnownFileType = sourcecode.swift; path = PersistenceTests.swift; sourceTree = "<group>"; };
		095C1AEB9B6DCABE5D002382 /* CalendarDate.swift */ = {isa = PBXFileReference; lastKnownFileType = sourcecode.swift; path = CalendarDate.swift; sourceTree = "<group>"; };
		0E3AF222457D427AFCF2F791 /* FilterEngine.swift */ = {isa = PBXFileReference; lastKnownFileType = sourcecode.swift; path = FilterEngine.swift; sourceTree = "<group>"; };
		0EDA7FBE5776E5E95A98DC46 /* ContentSource.swift */ = {isa = PBXFileReference; lastKnownFileType = sourcecode.swift; path = ContentSource.swift; sourceTree = "<group>"; };
		0F3A456217FED8E4DA28E55B /* OFL-IBMPlexMono.txt */ = {isa = PBXFileReference; lastKnownFileType = text; path = "OFL-IBMPlexMono.txt"; sourceTree = "<group>"; };
		10F8E0BDC15FA449D5D054C6 /* Color+Hex.swift */ = {isa = PBXFileReference; lastKnownFileType = sourcecode.swift; path = "Color+Hex.swift"; sourceTree = "<group>"; };
		11E782453F2063C46EF1B227 /* Fixtures.swift */ = {isa = PBXFileReference; lastKnownFileType = sourcecode.swift; path = Fixtures.swift; sourceTree = "<group>"; };
		12592B5FA207030C6903010C /* GolosText.ttf */ = {isa = PBXFileReference; lastKnownFileType = file; path = GolosText.ttf; sourceTree = "<group>"; };
		12A7389D039A24FD92C58793 /* OFL-Onest.txt */ = {isa = PBXFileReference; lastKnownFileType = text; path = "OFL-Onest.txt"; sourceTree = "<group>"; };
		1512E79115069DBA8B98B744 /* Spectral-Medium.ttf */ = {isa = PBXFileReference; lastKnownFileType = file; path = "Spectral-Medium.ttf"; sourceTree = "<group>"; };
		16E163CCF5E836CC263CE643 /* Taxonomy.swift */ = {isa = PBXFileReference; lastKnownFileType = sourcecode.swift; path = Taxonomy.swift; sourceTree = "<group>"; };
		189778CC9B2E2960A16888F2 /* AudienceMatcherTests.swift */ = {isa = PBXFileReference; lastKnownFileType = sourcecode.swift; path = AudienceMatcherTests.swift; sourceTree = "<group>"; };
		1AA3C91DB61950453D2ECD28 /* FilterPreferences.swift */ = {isa = PBXFileReference; lastKnownFileType = sourcecode.swift; path = FilterPreferences.swift; sourceTree = "<group>"; };
		1BAFCB8AFB820A446BFFC4CC /* CalendarView.swift */ = {isa = PBXFileReference; lastKnownFileType = sourcecode.swift; path = CalendarView.swift; sourceTree = "<group>"; };
		1DC5FF54F5A4DFE974ABFBDA /* LawDetailView.swift */ = {isa = PBXFileReference; lastKnownFileType = sourcecode.swift; path = LawDetailView.swift; sourceTree = "<group>"; };
		205D3D896F053D304F68B008 /* FilterSettings.swift */ = {isa = PBXFileReference; lastKnownFileType = sourcecode.swift; path = FilterSettings.swift; sourceTree = "<group>"; };
		232B4DF5F8F3A46D875AC14A /* Spectral-Italic.ttf */ = {isa = PBXFileReference; lastKnownFileType = file; path = "Spectral-Italic.ttf"; sourceTree = "<group>"; };
		2438F065BE4B0793477C796B /* ShtilTests.xctest */ = {isa = PBXFileReference; includeInIndex = 0; lastKnownFileType = wrapper.cfbundle; path = ShtilTests.xctest; sourceTree = BUILT_PRODUCTS_DIR; };
		2C9C0400A3D1ACD4134C70F1 /* Edition.swift */ = {isa = PBXFileReference; lastKnownFileType = sourcecode.swift; path = Edition.swift; sourceTree = "<group>"; };
		2D25426FC1E3707C3C434C98 /* ThemeChoice.swift */ = {isa = PBXFileReference; lastKnownFileType = sourcecode.swift; path = ThemeChoice.swift; sourceTree = "<group>"; };
		2D6A3D0ABDCC63A710F0A213 /* RootView.swift */ = {isa = PBXFileReference; lastKnownFileType = sourcecode.swift; path = RootView.swift; sourceTree = "<group>"; };
		375566AC0428F0F11DD32D36 /* FeedbackAction.swift */ = {isa = PBXFileReference; lastKnownFileType = sourcecode.swift; path = FeedbackAction.swift; sourceTree = "<group>"; };
		38BC1A1D1E8B40FB7CD12CD8 /* OFL-Spectral.txt */ = {isa = PBXFileReference; lastKnownFileType = text; path = "OFL-Spectral.txt"; sourceTree = "<group>"; };
		413139752B208392E28425E2 /* StoryDetailView.swift */ = {isa = PBXFileReference; lastKnownFileType = sourcecode.swift; path = StoryDetailView.swift; sourceTree = "<group>"; };
		4169DBAF90744A2FCACF6F02 /* ReminderPlanner.swift */ = {isa = PBXFileReference; lastKnownFileType = sourcecode.swift; path = ReminderPlanner.swift; sourceTree = "<group>"; };
		45FBBCDB894394FAFF8E0958 /* .gitkeep */ = {isa = PBXFileReference; path = .gitkeep; sourceTree = "<group>"; };
		4633D1EBE10E612C3D5AE4D7 /* AudienceMatcher.swift */ = {isa = PBXFileReference; lastKnownFileType = sourcecode.swift; path = AudienceMatcher.swift; sourceTree = "<group>"; };
		46C7B0B61C12FBD9D31B497E /* Shared.xcconfig */ = {isa = PBXFileReference; lastKnownFileType = text.xcconfig; path = Shared.xcconfig; sourceTree = "<group>"; };
		4778109D74D396B97EC36F10 /* FiltersView.swift */ = {isa = PBXFileReference; lastKnownFileType = sourcecode.swift; path = FiltersView.swift; sourceTree = "<group>"; };
		477F27F422BC885485F1DCD7 /* APIClientTests.swift */ = {isa = PBXFileReference; lastKnownFileType = sourcecode.swift; path = APIClientTests.swift; sourceTree = "<group>"; };
		483401104FC533CA9555B704 /* Shtil.app */ = {isa = PBXFileReference; includeInIndex = 0; lastKnownFileType = wrapper.application; path = Shtil.app; sourceTree = BUILT_PRODUCTS_DIR; };
		49FDAEF4426E783F0F754687 /* BuildingPlan.swift */ = {isa = PBXFileReference; lastKnownFileType = sourcecode.swift; path = BuildingPlan.swift; sourceTree = "<group>"; };
		4F08B9819EFF46C36B9728FA /* NewsCountry.swift */ = {isa = PBXFileReference; lastKnownFileType = sourcecode.swift; path = NewsCountry.swift; sourceTree = "<group>"; };
		51E814D2586E5352B1995B57 /* PoliticalMarkers.swift */ = {isa = PBXFileReference; lastKnownFileType = sourcecode.swift; path = PoliticalMarkers.swift; sourceTree = "<group>"; };
		52D8FD71DFA90B8CBEF94191 /* feed.json */ = {isa = PBXFileReference; lastKnownFileType = text.json; path = feed.json; sourceTree = "<group>"; };
		54F9A27E4068B3AC3969E265 /* ModelsTests.swift */ = {isa = PBXFileReference; lastKnownFileType = sourcecode.swift; path = ModelsTests.swift; sourceTree = "<group>"; };
		55DE7BDFECA1E641E6A6CAE7 /* TodayView.swift */ = {isa = PBXFileReference; lastKnownFileType = sourcecode.swift; path = TodayView.swift; sourceTree = "<group>"; };
		5AFFF21173425E63D43D9E48 /* UserProfile.swift */ = {isa = PBXFileReference; lastKnownFileType = sourcecode.swift; path = UserProfile.swift; sourceTree = "<group>"; };
		5D3E51078D787B2D23112A6C /* laws.json */ = {isa = PBXFileReference; lastKnownFileType = text.json; path = laws.json; sourceTree = "<group>"; };
		5DCB95050332210CAE671C93 /* APIClient.swift */ = {isa = PBXFileReference; lastKnownFileType = sourcecode.swift; path = APIClient.swift; sourceTree = "<group>"; };
		5DE6260A0C8F27CB96089B24 /* PoliticalMarkersTests.swift */ = {isa = PBXFileReference; lastKnownFileType = sourcecode.swift; path = PoliticalMarkersTests.swift; sourceTree = "<group>"; };
		60FEA261516217AB65986558 /* NotificationScheduling.swift */ = {isa = PBXFileReference; lastKnownFileType = sourcecode.swift; path = NotificationScheduling.swift; sourceTree = "<group>"; };
		6792657B369D22B99D52C848 /* ProfileView.swift */ = {isa = PBXFileReference; lastKnownFileType = sourcecode.swift; path = ProfileView.swift; sourceTree = "<group>"; };
		67F30B90BB587BEF614B7C03 /* OFL-GolosText.txt */ = {isa = PBXFileReference; lastKnownFileType = text; path = "OFL-GolosText.txt"; sourceTree = "<group>"; };
		73CC8912302A57C0BA82D383 /* CachedModels.swift */ = {isa = PBXFileReference; lastKnownFileType = sourcecode.swift; path = CachedModels.swift; sourceTree = "<group>"; };
		73E812067082A431F0BDA4D5 /* BuildingPlanTests.swift */ = {isa = PBXFileReference; lastKnownFileType = sourcecode.swift; path = BuildingPlanTests.swift; sourceTree = "<group>"; };
		7D277326CA79C017501167FC /* Info.plist */ = {isa = PBXFileReference; lastKnownFileType = text.plist; path = Info.plist; sourceTree = "<group>"; };
		7DE3BB5A8C46DA4FA3E2A71E /* ThemePicker.swift */ = {isa = PBXFileReference; lastKnownFileType = sourcecode.swift; path = ThemePicker.swift; sourceTree = "<group>"; };
		814998760DAE23653A87B4B4 /* TabBar.swift */ = {isa = PBXFileReference; lastKnownFileType = sourcecode.swift; path = TabBar.swift; sourceTree = "<group>"; };
		828D80AD650BE78F3A3A5B01 /* FeedbackTests.swift */ = {isa = PBXFileReference; lastKnownFileType = sourcecode.swift; path = FeedbackTests.swift; sourceTree = "<group>"; };
		8383037DB7786CCEDF7C67AD /* IBMPlexMono-Medium.ttf */ = {isa = PBXFileReference; lastKnownFileType = file; path = "IBMPlexMono-Medium.ttf"; sourceTree = "<group>"; };
		850D1D648AB0FC1DC901C434 /* Models.swift */ = {isa = PBXFileReference; lastKnownFileType = sourcecode.swift; path = Models.swift; sourceTree = "<group>"; };
		8BDBD3DF1860E360A2BFD910 /* ThemeTests.swift */ = {isa = PBXFileReference; lastKnownFileType = sourcecode.swift; path = ThemeTests.swift; sourceTree = "<group>"; };
		8C41D54A822115A3B3BE031C /* Onest.ttf */ = {isa = PBXFileReference; lastKnownFileType = file; path = Onest.ttf; sourceTree = "<group>"; };
		9651203C734ABF10AD64C992 /* EditionSchedule.swift */ = {isa = PBXFileReference; lastKnownFileType = sourcecode.swift; path = EditionSchedule.swift; sourceTree = "<group>"; };
		96A1A546CBD35E61D6977F74 /* Spectral-SemiBold.ttf */ = {isa = PBXFileReference; lastKnownFileType = file; path = "Spectral-SemiBold.ttf"; sourceTree = "<group>"; };
		9FFBAD6BC1E7C1A81352347B /* Assets.xcassets */ = {isa = PBXFileReference; lastKnownFileType = folder.assetcatalog; path = Assets.xcassets; sourceTree = "<group>"; };
		A546A793A3BA0503F116BD65 /* ContentCache.swift */ = {isa = PBXFileReference; lastKnownFileType = sourcecode.swift; path = ContentCache.swift; sourceTree = "<group>"; };
		B1DCC7311219907920FC557B /* ThemeFonts.swift */ = {isa = PBXFileReference; lastKnownFileType = sourcecode.swift; path = ThemeFonts.swift; sourceTree = "<group>"; };
		B664E6520554654C95E008AF /* DebugLaunch.swift */ = {isa = PBXFileReference; lastKnownFileType = sourcecode.swift; path = DebugLaunch.swift; sourceTree = "<group>"; };
		B9704B4509C3EF4B7132F295 /* FilterEngineTests.swift */ = {isa = PBXFileReference; lastKnownFileType = sourcecode.swift; path = FilterEngineTests.swift; sourceTree = "<group>"; };
		BD9364B69B6ED2F7A4953615 /* TestSupport.swift */ = {isa = PBXFileReference; lastKnownFileType = sourcecode.swift; path = TestSupport.swift; sourceTree = "<group>"; };
		CAFF0558405AEC19067495F6 /* IBMPlexMono-Regular.ttf */ = {isa = PBXFileReference; lastKnownFileType = file; path = "IBMPlexMono-Regular.ttf"; sourceTree = "<group>"; };
		D2607D04B037B2CBA38B286F /* PersistenceStack.swift */ = {isa = PBXFileReference; lastKnownFileType = sourcecode.swift; path = PersistenceStack.swift; sourceTree = "<group>"; };
		D671F98141DBF06DB3B0795C /* Profile.swift */ = {isa = PBXFileReference; lastKnownFileType = sourcecode.swift; path = Profile.swift; sourceTree = "<group>"; };
		D7A087583FA2198A45027771 /* ProfileForm.swift */ = {isa = PBXFileReference; lastKnownFileType = sourcecode.swift; path = ProfileForm.swift; sourceTree = "<group>"; };
		D9D32CA5803C2667E618D9CF /* OnboardingFlow.swift */ = {isa = PBXFileReference; lastKnownFileType = sourcecode.swift; path = OnboardingFlow.swift; sourceTree = "<group>"; };
		DAD4282C3622FB252E9041EA /* Theme.swift */ = {isa = PBXFileReference; lastKnownFileType = sourcecode.swift; path = Theme.swift; sourceTree = "<group>"; };
		DD369A6F2A98B7C892AB2606 /* ShtilApp.swift */ = {isa = PBXFileReference; lastKnownFileType = sourcecode.swift; path = ShtilApp.swift; sourceTree = "<group>"; };
		ED38AFE3E599F396EA141168 /* RuFormat.swift */ = {isa = PBXFileReference; lastKnownFileType = sourcecode.swift; path = RuFormat.swift; sourceTree = "<group>"; };
		FA7A1EC728E46945110E3BAC /* AppModel.swift */ = {isa = PBXFileReference; lastKnownFileType = sourcecode.swift; path = AppModel.swift; sourceTree = "<group>"; };
		FB0BD549AD839EFF2F6B794F /* AudienceLabels.swift */ = {isa = PBXFileReference; lastKnownFileType = sourcecode.swift; path = AudienceLabels.swift; sourceTree = "<group>"; };
		FDFE722442223BB12DA85E7A /* FormattingTests.swift */ = {isa = PBXFileReference; lastKnownFileType = sourcecode.swift; path = FormattingTests.swift; sourceTree = "<group>"; };
/* End PBXFileReference section */

/* Begin PBXGroup section */
		0308E2810DA19DC713C05CB5 /* StoryDetail */ = {
			isa = PBXGroup;
			children = (
				413139752B208392E28425E2 /* StoryDetailView.swift */,
			);
			path = StoryDetail;
			sourceTree = "<group>";
		};
		0ACD540DC97A4B5A4C3A077F /* Onboarding */ = {
			isa = PBXGroup;
			children = (
				D9D32CA5803C2667E618D9CF /* OnboardingFlow.swift */,
			);
			path = Onboarding;
			sourceTree = "<group>";
		};
		1BB7996C88685E59EA45F301 /* Fixtures */ = {
			isa = PBXGroup;
			children = (
				52D8FD71DFA90B8CBEF94191 /* feed.json */,
				5D3E51078D787B2D23112A6C /* laws.json */,
			);
			path = Fixtures;
			sourceTree = "<group>";
		};
		37D8081D1AAB4951DF196C47 /* UI */ = {
			isa = PBXGroup;
			children = (
				02AB45296577EA4180CA34C6 /* Components.swift */,
				814998760DAE23653A87B4B4 /* TabBar.swift */,
			);
			path = UI;
			sourceTree = "<group>";
		};
		43FBFE148554B629875F7C42 /* Profile */ = {
			isa = PBXGroup;
			children = (
				D7A087583FA2198A45027771 /* ProfileForm.swift */,
				6792657B369D22B99D52C848 /* ProfileView.swift */,
				7DE3BB5A8C46DA4FA3E2A71E /* ThemePicker.swift */,
			);
			path = Profile;
			sourceTree = "<group>";
		};
		44C8837CA558538747E1FD70 /* LawDetail */ = {
			isa = PBXGroup;
			children = (
				1DC5FF54F5A4DFE974ABFBDA /* LawDetailView.swift */,
			);
			path = LawDetail;
			sourceTree = "<group>";
		};
		46D76ED66184E538EF8B515F /* Resources */ = {
			isa = PBXGroup;
			children = (
				9FFBAD6BC1E7C1A81352347B /* Assets.xcassets */,
				1BB7996C88685E59EA45F301 /* Fixtures */,
				6F4D24461F863DC803493600 /* Fonts */,
			);
			path = Resources;
			sourceTree = "<group>";
		};
		56E1F8A4585AA223DBBC5C6D /* Products */ = {
			isa = PBXGroup;
			children = (
				483401104FC533CA9555B704 /* Shtil.app */,
				2438F065BE4B0793477C796B /* ShtilTests.xctest */,
			);
			name = Products;
			sourceTree = "<group>";
		};
		5CB164443696E5F709CACC3C /* Config */ = {
			isa = PBXGroup;
			children = (
				46C7B0B61C12FBD9D31B497E /* Shared.xcconfig */,
			);
			path = Config;
			sourceTree = "<group>";
		};
		5CE47705D3DF9D1E059AF239 /* Core */ = {
			isa = PBXGroup;
			children = (
				82766B572EA0649FC10F9AEC /* App */,
				9C0218FA40095F42873481FA /* Filtering */,
				6E3E821689E3C2C8EC2F6242 /* Formatting */,
				812460C66AC8BBB0338FFF74 /* Networking */,
				97FD421C9030409713590EAF /* Notifications */,
				670FD587828C3C8FB1C75E84 /* Persistence */,
				F653331798BE64C6A7C139B3 /* Theme */,
				37D8081D1AAB4951DF196C47 /* UI */,
			);
			path = Core;
			sourceTree = "<group>";
		};
		670FD587828C3C8FB1C75E84 /* Persistence */ = {
			isa = PBXGroup;
			children = (
				73CC8912302A57C0BA82D383 /* CachedModels.swift */,
				A546A793A3BA0503F116BD65 /* ContentCache.swift */,
				205D3D896F053D304F68B008 /* FilterSettings.swift */,
				D2607D04B037B2CBA38B286F /* PersistenceStack.swift */,
				D671F98141DBF06DB3B0795C /* Profile.swift */,
			);
			path = Persistence;
			sourceTree = "<group>";
		};
		6E3E821689E3C2C8EC2F6242 /* Formatting */ = {
			isa = PBXGroup;
			children = (
				FB0BD549AD839EFF2F6B794F /* AudienceLabels.swift */,
				ED38AFE3E599F396EA141168 /* RuFormat.swift */,
			);
			path = Formatting;
			sourceTree = "<group>";
		};
		6F4D24461F863DC803493600 /* Fonts */ = {
			isa = PBXGroup;
			children = (
				45FBBCDB894394FAFF8E0958 /* .gitkeep */,
				12592B5FA207030C6903010C /* GolosText.ttf */,
				8383037DB7786CCEDF7C67AD /* IBMPlexMono-Medium.ttf */,
				CAFF0558405AEC19067495F6 /* IBMPlexMono-Regular.ttf */,
				67F30B90BB587BEF614B7C03 /* OFL-GolosText.txt */,
				0F3A456217FED8E4DA28E55B /* OFL-IBMPlexMono.txt */,
				12A7389D039A24FD92C58793 /* OFL-Onest.txt */,
				38BC1A1D1E8B40FB7CD12CD8 /* OFL-Spectral.txt */,
				8C41D54A822115A3B3BE031C /* Onest.ttf */,
				232B4DF5F8F3A46D875AC14A /* Spectral-Italic.ttf */,
				1512E79115069DBA8B98B744 /* Spectral-Medium.ttf */,
				96A1A546CBD35E61D6977F74 /* Spectral-SemiBold.ttf */,
			);
			path = Fonts;
			sourceTree = "<group>";
		};
		6F73E9E2B28DD985B46B3E5D /* Filters */ = {
			isa = PBXGroup;
			children = (
				4778109D74D396B97EC36F10 /* FiltersView.swift */,
			);
			path = Filters;
			sourceTree = "<group>";
		};
		812460C66AC8BBB0338FFF74 /* Networking */ = {
			isa = PBXGroup;
			children = (
				5DCB95050332210CAE671C93 /* APIClient.swift */,
				095C1AEB9B6DCABE5D002382 /* CalendarDate.swift */,
				0EDA7FBE5776E5E95A98DC46 /* ContentSource.swift */,
				11E782453F2063C46EF1B227 /* Fixtures.swift */,
				850D1D648AB0FC1DC901C434 /* Models.swift */,
				16E163CCF5E836CC263CE643 /* Taxonomy.swift */,
			);
			path = Networking;
			sourceTree = "<group>";
		};
		82766B572EA0649FC10F9AEC /* App */ = {
			isa = PBXGroup;
			children = (
				FA7A1EC728E46945110E3BAC /* AppModel.swift */,
				B664E6520554654C95E008AF /* DebugLaunch.swift */,
			);
			path = App;
			sourceTree = "<group>";
		};
		8417DF879F1B7D590B2B3FEA /* Today */ = {
			isa = PBXGroup;
			children = (
				55DE7BDFECA1E641E6A6CAE7 /* TodayView.swift */,
			);
			path = Today;
			sourceTree = "<group>";
		};
		8EE6363D112B275D95C07C71 /* Tests */ = {
			isa = PBXGroup;
			children = (
				477F27F422BC885485F1DCD7 /* APIClientTests.swift */,
				189778CC9B2E2960A16888F2 /* AudienceMatcherTests.swift */,
				73E812067082A431F0BDA4D5 /* BuildingPlanTests.swift */,
				828D80AD650BE78F3A3A5B01 /* FeedbackTests.swift */,
				B9704B4509C3EF4B7132F295 /* FilterEngineTests.swift */,
				FDFE722442223BB12DA85E7A /* FormattingTests.swift */,
				54F9A27E4068B3AC3969E265 /* ModelsTests.swift */,
				05A7625F93C019FDA12C1B75 /* PersistenceTests.swift */,
				5DE6260A0C8F27CB96089B24 /* PoliticalMarkersTests.swift */,
				BD9364B69B6ED2F7A4953615 /* TestSupport.swift */,
				8BDBD3DF1860E360A2BFD910 /* ThemeTests.swift */,
			);
			path = Tests;
			sourceTree = "<group>";
		};
		97FD421C9030409713590EAF /* Notifications */ = {
			isa = PBXGroup;
			children = (
				9651203C734ABF10AD64C992 /* EditionSchedule.swift */,
				60FEA261516217AB65986558 /* NotificationScheduling.swift */,
				4169DBAF90744A2FCACF6F02 /* ReminderPlanner.swift */,
			);
			path = Notifications;
			sourceTree = "<group>";
		};
		9C0218FA40095F42873481FA /* Filtering */ = {
			isa = PBXGroup;
			children = (
				4633D1EBE10E612C3D5AE4D7 /* AudienceMatcher.swift */,
				49FDAEF4426E783F0F754687 /* BuildingPlan.swift */,
				2C9C0400A3D1ACD4134C70F1 /* Edition.swift */,
				375566AC0428F0F11DD32D36 /* FeedbackAction.swift */,
				0E3AF222457D427AFCF2F791 /* FilterEngine.swift */,
				1AA3C91DB61950453D2ECD28 /* FilterPreferences.swift */,
				4F08B9819EFF46C36B9728FA /* NewsCountry.swift */,
				51E814D2586E5352B1995B57 /* PoliticalMarkers.swift */,
				5AFFF21173425E63D43D9E48 /* UserProfile.swift */,
			);
			path = Filtering;
			sourceTree = "<group>";
		};
		9FDFC73417909C98FC7A9F88 = {
			isa = PBXGroup;
			children = (
				B09B0B8E235F2CAE8463225B /* App */,
				5CB164443696E5F709CACC3C /* Config */,
				5CE47705D3DF9D1E059AF239 /* Core */,
				FC3AA2A9C467505E5DFDA4B6 /* Features */,
				46D76ED66184E538EF8B515F /* Resources */,
				8EE6363D112B275D95C07C71 /* Tests */,
				56E1F8A4585AA223DBBC5C6D /* Products */,
			);
			sourceTree = "<group>";
		};
		B09B0B8E235F2CAE8463225B /* App */ = {
			isa = PBXGroup;
			children = (
				7D277326CA79C017501167FC /* Info.plist */,
				2D6A3D0ABDCC63A710F0A213 /* RootView.swift */,
				DD369A6F2A98B7C892AB2606 /* ShtilApp.swift */,
			);
			path = App;
			sourceTree = "<group>";
		};
		B400FE6CC53F62F3C8E511F7 /* Calendar */ = {
			isa = PBXGroup;
			children = (
				1BAFCB8AFB820A446BFFC4CC /* CalendarView.swift */,
			);
			path = Calendar;
			sourceTree = "<group>";
		};
		F653331798BE64C6A7C139B3 /* Theme */ = {
			isa = PBXGroup;
			children = (
				10F8E0BDC15FA449D5D054C6 /* Color+Hex.swift */,
				DAD4282C3622FB252E9041EA /* Theme.swift */,
				2D25426FC1E3707C3C434C98 /* ThemeChoice.swift */,
				B1DCC7311219907920FC557B /* ThemeFonts.swift */,
			);
			path = Theme;
			sourceTree = "<group>";
		};
		FC3AA2A9C467505E5DFDA4B6 /* Features */ = {
			isa = PBXGroup;
			children = (
				B400FE6CC53F62F3C8E511F7 /* Calendar */,
				6F73E9E2B28DD985B46B3E5D /* Filters */,
				44C8837CA558538747E1FD70 /* LawDetail */,
				0ACD540DC97A4B5A4C3A077F /* Onboarding */,
				43FBFE148554B629875F7C42 /* Profile */,
				0308E2810DA19DC713C05CB5 /* StoryDetail */,
				8417DF879F1B7D590B2B3FEA /* Today */,
			);
			path = Features;
			sourceTree = "<group>";
		};
/* End PBXGroup section */

/* Begin PBXNativeTarget section */
		37BEF668F7EB0D92BF923E32 /* Shtil */ = {
			isa = PBXNativeTarget;
			buildConfigurationList = FE22B0F04A447B98FFC9408F /* Build configuration list for PBXNativeTarget "Shtil" */;
			buildPhases = (
				3A2DBAC4819C54A51B3A2A17 /* Sources */,
				43D5CAABF51F834252D05EC4 /* Resources */,
			);
			buildRules = (
			);
			dependencies = (
			);
			name = Shtil;
			packageProductDependencies = (
			);
			productName = Shtil;
			productReference = 483401104FC533CA9555B704 /* Shtil.app */;
			productType = "com.apple.product-type.application";
		};
		E941E340AAF850BC35C55758 /* ShtilTests */ = {
			isa = PBXNativeTarget;
			buildConfigurationList = 9F131FD6E5248AC16150C3B3 /* Build configuration list for PBXNativeTarget "ShtilTests" */;
			buildPhases = (
				EA58EE5E3C9EA4A496FB5FD1 /* Sources */,
			);
			buildRules = (
			);
			dependencies = (
				FDFA9413D171AA1BCCFF7FCE /* PBXTargetDependency */,
			);
			name = ShtilTests;
			packageProductDependencies = (
			);
			productName = ShtilTests;
			productReference = 2438F065BE4B0793477C796B /* ShtilTests.xctest */;
			productType = "com.apple.product-type.bundle.unit-test";
		};
/* End PBXNativeTarget section */

/* Begin PBXProject section */
		A54C2251F31FA2D6B846866D /* Project object */ = {
			isa = PBXProject;
			attributes = {
				BuildIndependentTargetsInParallel = YES;
				LastUpgradeCheck = 1430;
				TargetAttributes = {
				};
			};
			buildConfigurationList = 476683E23C014895CD8FAF3D /* Build configuration list for PBXProject "Shtil" */;
			developmentRegion = en;
			hasScannedForEncodings = 0;
			knownRegions = (
				Base,
				en,
			);
			mainGroup = 9FDFC73417909C98FC7A9F88;
			minimizedProjectReferenceProxies = 1;
			preferredProjectObjectVersion = 77;
			productRefGroup = 56E1F8A4585AA223DBBC5C6D /* Products */;
			projectDirPath = "";
			projectRoot = "";
			targets = (
				37BEF668F7EB0D92BF923E32 /* Shtil */,
				E941E340AAF850BC35C55758 /* ShtilTests */,
			);
		};
/* End PBXProject section */

/* Begin PBXResourcesBuildPhase section */
		43D5CAABF51F834252D05EC4 /* Resources */ = {
			isa = PBXResourcesBuildPhase;
			buildActionMask = 2147483647;
			files = (
				4E856330D5A2F3C2BE473152 /* Assets.xcassets in Resources */,
				46F36C0000FB6C0B66F78DC8 /* GolosText.ttf in Resources */,
				4F1544404B462A6E6A041C02 /* IBMPlexMono-Medium.ttf in Resources */,
				CAE44509D2855C6912AE0785 /* IBMPlexMono-Regular.ttf in Resources */,
				FC19AD6581DCE51867294846 /* OFL-GolosText.txt in Resources */,
				2EA530B03EC24E38D843F8E1 /* OFL-IBMPlexMono.txt in Resources */,
				B61074EECAF1D002B366D4A5 /* OFL-Onest.txt in Resources */,
				20E2DBF330C1C5ED427C99F6 /* OFL-Spectral.txt in Resources */,
				E698CF5CAA588120DAA2067D /* Onest.ttf in Resources */,
				1B3A371C4D3C6DC9D02E30DF /* Spectral-Italic.ttf in Resources */,
				A72A2896FDAE4F3A28A667D9 /* Spectral-Medium.ttf in Resources */,
				6FFE4567AB8CE62676080111 /* Spectral-SemiBold.ttf in Resources */,
				21404C08D18C1141544AC640 /* feed.json in Resources */,
				A7B3B7FE18BC580C0420C1B9 /* laws.json in Resources */,
			);
			runOnlyForDeploymentPostprocessing = 0;
		};
/* End PBXResourcesBuildPhase section */

/* Begin PBXSourcesBuildPhase section */
		3A2DBAC4819C54A51B3A2A17 /* Sources */ = {
			isa = PBXSourcesBuildPhase;
			buildActionMask = 2147483647;
			files = (
				7EC28BD385C14EC2F25226EC /* APIClient.swift in Sources */,
				9B0220D8A8C424D276E28E09 /* AppModel.swift in Sources */,
				C9733E3DB33B763EBBCEEA25 /* AudienceLabels.swift in Sources */,
				60B9D785B8E9F890667238D7 /* AudienceMatcher.swift in Sources */,
				CE12E4565A50BCAC3F2EEAE8 /* BuildingPlan.swift in Sources */,
				F5079CA61749855FB7C7387B /* CachedModels.swift in Sources */,
				268081EC58CD3D017724DD44 /* CalendarDate.swift in Sources */,
				ABB0DA57A1C59E484F21D5A6 /* CalendarView.swift in Sources */,
				C41C32BCAEABEA6BA0DEA9DC /* Color+Hex.swift in Sources */,
				E9735537C85EF82CFD9CDE0B /* Components.swift in Sources */,
				780BFB2866C9C51C01A1E485 /* ContentCache.swift in Sources */,
				0BA3AC8AA4D52C9046A96E08 /* ContentSource.swift in Sources */,
				15D882C2B5CBF0B622094ACA /* DebugLaunch.swift in Sources */,
				9A7896C3BF085B1C6C9EBBAB /* Edition.swift in Sources */,
				224CCC52AFC6CEDAB3CEADD2 /* EditionSchedule.swift in Sources */,
				8CA57A7E32BE3A2232A861E0 /* FeedbackAction.swift in Sources */,
				FC2BF66CCE1A79805720161E /* FilterEngine.swift in Sources */,
				15ED64051D15AE81166065EF /* FilterPreferences.swift in Sources */,
				90BE5C55407A2B3645486639 /* FilterSettings.swift in Sources */,
				9476527487337836631A2FC1 /* FiltersView.swift in Sources */,
				45C6FDC68569568FF36E7157 /* Fixtures.swift in Sources */,
				7D8D622FC18FCC65201C9135 /* LawDetailView.swift in Sources */,
				37A8960809A2E58316477BA2 /* Models.swift in Sources */,
				27DC8CE90904C2B365B03397 /* NewsCountry.swift in Sources */,
				B12E1564B1D72B7FD6EF6AF0 /* NotificationScheduling.swift in Sources */,
				BC23F46B649FF715C61F12FF /* OnboardingFlow.swift in Sources */,
				86BC0A57336C79476CEB083A /* PersistenceStack.swift in Sources */,
				89B7BC43E465AE2E176BC04A /* PoliticalMarkers.swift in Sources */,
				56FD48CD21DD616F58018133 /* Profile.swift in Sources */,
				F1ABCA47A76D4DBF7696A5DB /* ProfileForm.swift in Sources */,
				58FA838A60101B98189CF897 /* ProfileView.swift in Sources */,
				2F95178D9484D7FB8EC05161 /* ReminderPlanner.swift in Sources */,
				F75FEFB67D122A6E77599ACB /* RootView.swift in Sources */,
				EFFFF296D52010F6FB6D4036 /* RuFormat.swift in Sources */,
				64F9A6AFB9F70F5A2315CB1B /* ShtilApp.swift in Sources */,
				38B656E2C6765C652FBF9060 /* StoryDetailView.swift in Sources */,
				E91A835F09E0A9B8227CCD29 /* TabBar.swift in Sources */,
				71465F5116900C99E183A85B /* Taxonomy.swift in Sources */,
				D451DE1289C5BF9440F8282B /* Theme.swift in Sources */,
				EF51CE6AE675763B9E593392 /* ThemeChoice.swift in Sources */,
				C3247B186CBD75E136177508 /* ThemeFonts.swift in Sources */,
				25AB7F58E80291C083A59873 /* ThemePicker.swift in Sources */,
				470EBB27B0AD63A7A419D801 /* TodayView.swift in Sources */,
				1BCA898811FB876630C02833 /* UserProfile.swift in Sources */,
			);
			runOnlyForDeploymentPostprocessing = 0;
		};
		EA58EE5E3C9EA4A496FB5FD1 /* Sources */ = {
			isa = PBXSourcesBuildPhase;
			buildActionMask = 2147483647;
			files = (
				072A867A5C91B55DEDDB8003 /* APIClientTests.swift in Sources */,
				CB2525B1C2F028A3129E2326 /* AudienceMatcherTests.swift in Sources */,
				CA881176B5D1206BF3A9626F /* BuildingPlanTests.swift in Sources */,
				065F8A7C85967251D9874498 /* FeedbackTests.swift in Sources */,
				FD50E3E43679E609FDC01089 /* FilterEngineTests.swift in Sources */,
				EC67C17B874F434A7C6B07BB /* FormattingTests.swift in Sources */,
				3A6E14DA59E4FCDE228BBC50 /* ModelsTests.swift in Sources */,
				F39DEDD445E00398626B67F2 /* PersistenceTests.swift in Sources */,
				E3259868BC73CC61B972BEB4 /* PoliticalMarkersTests.swift in Sources */,
				1CB347E874872892A9B304C6 /* TestSupport.swift in Sources */,
				87247F113AE6BB8E676F630D /* ThemeTests.swift in Sources */,
			);
			runOnlyForDeploymentPostprocessing = 0;
		};
/* End PBXSourcesBuildPhase section */

/* Begin PBXTargetDependency section */
		FDFA9413D171AA1BCCFF7FCE /* PBXTargetDependency */ = {
			isa = PBXTargetDependency;
			target = 37BEF668F7EB0D92BF923E32 /* Shtil */;
			targetProxy = 08DD09411C31A5C800BCA8D2 /* PBXContainerItemProxy */;
		};
/* End PBXTargetDependency section */

/* Begin XCBuildConfiguration section */
		0546934C3B1B7120EB05D011 /* Debug */ = {
			isa = XCBuildConfiguration;
			buildSettings = {
				API_BASE_URL = "https://shtil.tech";
				ASSETCATALOG_COMPILER_APPICON_NAME = AppIcon;
				CODE_SIGN_IDENTITY = "iPhone Developer";
				INFOPLIST_FILE = App/Info.plist;
				LD_RUNPATH_SEARCH_PATHS = (
					"$(inherited)",
					"@executable_path/Frameworks",
				);
				PRODUCT_BUNDLE_IDENTIFIER = ru.andronov.shtil;
				SDKROOT = iphoneos;
				TARGETED_DEVICE_FAMILY = 1;
			};
			name = Debug;
		};
		1C7CC98CF72ECA0B6125A548 /* Release */ = {
			isa = XCBuildConfiguration;
			baseConfigurationReference = 46C7B0B61C12FBD9D31B497E /* Shared.xcconfig */;
			buildSettings = {
				ALWAYS_SEARCH_USER_PATHS = NO;
				CLANG_ANALYZER_NONNULL = YES;
				CLANG_ANALYZER_NUMBER_OBJECT_CONVERSION = YES_AGGRESSIVE;
				CLANG_CXX_LANGUAGE_STANDARD = "gnu++14";
				CLANG_CXX_LIBRARY = "libc++";
				CLANG_ENABLE_MODULES = YES;
				CLANG_ENABLE_OBJC_ARC = YES;
				CLANG_ENABLE_OBJC_WEAK = YES;
				CLANG_WARN_BLOCK_CAPTURE_AUTORELEASING = YES;
				CLANG_WARN_BOOL_CONVERSION = YES;
				CLANG_WARN_COMMA = YES;
				CLANG_WARN_CONSTANT_CONVERSION = YES;
				CLANG_WARN_DEPRECATED_OBJC_IMPLEMENTATIONS = YES;
				CLANG_WARN_DIRECT_OBJC_ISA_USAGE = YES_ERROR;
				CLANG_WARN_DOCUMENTATION_COMMENTS = YES;
				CLANG_WARN_EMPTY_BODY = YES;
				CLANG_WARN_ENUM_CONVERSION = YES;
				CLANG_WARN_INFINITE_RECURSION = YES;
				CLANG_WARN_INT_CONVERSION = YES;
				CLANG_WARN_NON_LITERAL_NULL_CONVERSION = YES;
				CLANG_WARN_OBJC_IMPLICIT_RETAIN_SELF = YES;
				CLANG_WARN_OBJC_LITERAL_CONVERSION = YES;
				CLANG_WARN_OBJC_ROOT_CLASS = YES_ERROR;
				CLANG_WARN_QUOTED_INCLUDE_IN_FRAMEWORK_HEADER = YES;
				CLANG_WARN_RANGE_LOOP_ANALYSIS = YES;
				CLANG_WARN_STRICT_PROTOTYPES = YES;
				CLANG_WARN_SUSPICIOUS_MOVE = YES;
				CLANG_WARN_UNGUARDED_AVAILABILITY = YES_AGGRESSIVE;
				CLANG_WARN_UNREACHABLE_CODE = YES;
				CLANG_WARN__DUPLICATE_METHOD_MATCH = YES;
				COPY_PHASE_STRIP = NO;
				CURRENT_PROJECT_VERSION = 1;
				DEBUG_INFORMATION_FORMAT = "dwarf-with-dsym";
				ENABLE_NS_ASSERTIONS = NO;
				ENABLE_STRICT_OBJC_MSGSEND = YES;
				GCC_C_LANGUAGE_STANDARD = gnu11;
				GCC_NO_COMMON_BLOCKS = YES;
				GCC_WARN_64_TO_32_BIT_CONVERSION = YES;
				GCC_WARN_ABOUT_RETURN_TYPE = YES_ERROR;
				GCC_WARN_UNDECLARED_SELECTOR = YES;
				GCC_WARN_UNINITIALIZED_AUTOS = YES_AGGRESSIVE;
				GCC_WARN_UNUSED_FUNCTION = YES;
				GCC_WARN_UNUSED_VARIABLE = YES;
				IPHONEOS_DEPLOYMENT_TARGET = 17.0;
				MARKETING_VERSION = 0.1.0;
				MTL_ENABLE_DEBUG_INFO = NO;
				MTL_FAST_MATH = YES;
				PRODUCT_NAME = "$(TARGET_NAME)";
				SDKROOT = iphoneos;
				SWIFT_COMPILATION_MODE = wholemodule;
				SWIFT_OPTIMIZATION_LEVEL = "-O";
				SWIFT_STRICT_CONCURRENCY = complete;
				SWIFT_VERSION = 6.0;
			};
			name = Release;
		};
		2F21F0C4ABDE0B51C51617D4 /* Release */ = {
			isa = XCBuildConfiguration;
			buildSettings = {
				BUNDLE_LOADER = "$(TEST_HOST)";
				GENERATE_INFOPLIST_FILE = YES;
				LD_RUNPATH_SEARCH_PATHS = (
					"$(inherited)",
					"@executable_path/Frameworks",
					"@loader_path/Frameworks",
				);
				PRODUCT_BUNDLE_IDENTIFIER = ru.andronov.shtil.tests;
				SDKROOT = iphoneos;
				TARGETED_DEVICE_FAMILY = "1,2";
				TEST_HOST = "$(BUILT_PRODUCTS_DIR)/Shtil.app/Shtil";
			};
			name = Release;
		};
		B3F7311ED9F40CCA8F290573 /* Debug */ = {
			isa = XCBuildConfiguration;
			buildSettings = {
				BUNDLE_LOADER = "$(TEST_HOST)";
				GENERATE_INFOPLIST_FILE = YES;
				LD_RUNPATH_SEARCH_PATHS = (
					"$(inherited)",
					"@executable_path/Frameworks",
					"@loader_path/Frameworks",
				);
				PRODUCT_BUNDLE_IDENTIFIER = ru.andronov.shtil.tests;
				SDKROOT = iphoneos;
				TARGETED_DEVICE_FAMILY = "1,2";
				TEST_HOST = "$(BUILT_PRODUCTS_DIR)/Shtil.app/Shtil";
			};
			name = Debug;
		};
		C7BE0D685B3A45F6C0257F8C /* Release */ = {
			isa = XCBuildConfiguration;
			buildSettings = {
				API_BASE_URL = "https://shtil.tech";
				ASSETCATALOG_COMPILER_APPICON_NAME = AppIcon;
				CODE_SIGN_IDENTITY = "iPhone Developer";
				INFOPLIST_FILE = App/Info.plist;
				LD_RUNPATH_SEARCH_PATHS = (
					"$(inherited)",
					"@executable_path/Frameworks",
				);
				PRODUCT_BUNDLE_IDENTIFIER = ru.andronov.shtil;
				SDKROOT = iphoneos;
				TARGETED_DEVICE_FAMILY = 1;
			};
			name = Release;
		};
		CDF5DFD9F0A4D5057EDFFDCD /* Debug */ = {
			isa = XCBuildConfiguration;
			baseConfigurationReference = 46C7B0B61C12FBD9D31B497E /* Shared.xcconfig */;
			buildSettings = {
				ALWAYS_SEARCH_USER_PATHS = NO;
				CLANG_ANALYZER_NONNULL = YES;
				CLANG_ANALYZER_NUMBER_OBJECT_CONVERSION = YES_AGGRESSIVE;
				CLANG_CXX_LANGUAGE_STANDARD = "gnu++14";
				CLANG_CXX_LIBRARY = "libc++";
				CLANG_ENABLE_MODULES = YES;
				CLANG_ENABLE_OBJC_ARC = YES;
				CLANG_ENABLE_OBJC_WEAK = YES;
				CLANG_WARN_BLOCK_CAPTURE_AUTORELEASING = YES;
				CLANG_WARN_BOOL_CONVERSION = YES;
				CLANG_WARN_COMMA = YES;
				CLANG_WARN_CONSTANT_CONVERSION = YES;
				CLANG_WARN_DEPRECATED_OBJC_IMPLEMENTATIONS = YES;
				CLANG_WARN_DIRECT_OBJC_ISA_USAGE = YES_ERROR;
				CLANG_WARN_DOCUMENTATION_COMMENTS = YES;
				CLANG_WARN_EMPTY_BODY = YES;
				CLANG_WARN_ENUM_CONVERSION = YES;
				CLANG_WARN_INFINITE_RECURSION = YES;
				CLANG_WARN_INT_CONVERSION = YES;
				CLANG_WARN_NON_LITERAL_NULL_CONVERSION = YES;
				CLANG_WARN_OBJC_IMPLICIT_RETAIN_SELF = YES;
				CLANG_WARN_OBJC_LITERAL_CONVERSION = YES;
				CLANG_WARN_OBJC_ROOT_CLASS = YES_ERROR;
				CLANG_WARN_QUOTED_INCLUDE_IN_FRAMEWORK_HEADER = YES;
				CLANG_WARN_RANGE_LOOP_ANALYSIS = YES;
				CLANG_WARN_STRICT_PROTOTYPES = YES;
				CLANG_WARN_SUSPICIOUS_MOVE = YES;
				CLANG_WARN_UNGUARDED_AVAILABILITY = YES_AGGRESSIVE;
				CLANG_WARN_UNREACHABLE_CODE = YES;
				CLANG_WARN__DUPLICATE_METHOD_MATCH = YES;
				COPY_PHASE_STRIP = NO;
				CURRENT_PROJECT_VERSION = 1;
				DEBUG_INFORMATION_FORMAT = dwarf;
				ENABLE_STRICT_OBJC_MSGSEND = YES;
				ENABLE_TESTABILITY = YES;
				GCC_C_LANGUAGE_STANDARD = gnu11;
				GCC_DYNAMIC_NO_PIC = NO;
				GCC_NO_COMMON_BLOCKS = YES;
				GCC_OPTIMIZATION_LEVEL = 0;
				GCC_PREPROCESSOR_DEFINITIONS = (
					"$(inherited)",
					"DEBUG=1",
				);
				GCC_WARN_64_TO_32_BIT_CONVERSION = YES;
				GCC_WARN_ABOUT_RETURN_TYPE = YES_ERROR;
				GCC_WARN_UNDECLARED_SELECTOR = YES;
				GCC_WARN_UNINITIALIZED_AUTOS = YES_AGGRESSIVE;
				GCC_WARN_UNUSED_FUNCTION = YES;
				GCC_WARN_UNUSED_VARIABLE = YES;
				IPHONEOS_DEPLOYMENT_TARGET = 17.0;
				MARKETING_VERSION = 0.1.0;
				MTL_ENABLE_DEBUG_INFO = INCLUDE_SOURCE;
				MTL_FAST_MATH = YES;
				ONLY_ACTIVE_ARCH = YES;
				PRODUCT_NAME = "$(TARGET_NAME)";
				SDKROOT = iphoneos;
				SWIFT_ACTIVE_COMPILATION_CONDITIONS = DEBUG;
				SWIFT_OPTIMIZATION_LEVEL = "-Onone";
				SWIFT_STRICT_CONCURRENCY = complete;
				SWIFT_VERSION = 6.0;
			};
			name = Debug;
		};
/* End XCBuildConfiguration section */

/* Begin XCConfigurationList section */
		476683E23C014895CD8FAF3D /* Build configuration list for PBXProject "Shtil" */ = {
			isa = XCConfigurationList;
			buildConfigurations = (
				CDF5DFD9F0A4D5057EDFFDCD /* Debug */,
				1C7CC98CF72ECA0B6125A548 /* Release */,
			);
			defaultConfigurationIsVisible = 0;
			defaultConfigurationName = Debug;
		};
		9F131FD6E5248AC16150C3B3 /* Build configuration list for PBXNativeTarget "ShtilTests" */ = {
			isa = XCConfigurationList;
			buildConfigurations = (
				B3F7311ED9F40CCA8F290573 /* Debug */,
				2F21F0C4ABDE0B51C51617D4 /* Release */,
			);
			defaultConfigurationIsVisible = 0;
			defaultConfigurationName = Debug;
		};
		FE22B0F04A447B98FFC9408F /* Build configuration list for PBXNativeTarget "Shtil" */ = {
			isa = XCConfigurationList;
			buildConfigurations = (
				0546934C3B1B7120EB05D011 /* Debug */,
				C7BE0D685B3A45F6C0257F8C /* Release */,
			);
			defaultConfigurationIsVisible = 0;
			defaultConfigurationName = Debug;
		};
/* End XCConfigurationList section */
	};
	rootObject = A54C2251F31FA2D6B846866D /* Project object */;
}
