// !$*UTF8*$!
{
	archiveVersion = 1;
	classes = {
	};
	objectVersion = 77;
	objects = {

/* Begin PBXBuildFile section */
		0089A67F81E3B4AE8F53C42B /* ThemePicker.swift in Sources */ = {isa = PBXBuildFile; fileRef = 2B8B5B0DA95C18563A69FFE6 /* ThemePicker.swift */; };
		025070AE490FCBD00EB6F8BA /* DebugLaunch.swift in Sources */ = {isa = PBXBuildFile; fileRef = 50B232D3AE27D3EE4B166065 /* DebugLaunch.swift */; };
		05F4EA4FDBC513677B2F9F7E /* TabBar.swift in Sources */ = {isa = PBXBuildFile; fileRef = CA35FFEC7E27D884F0D7F252 /* TabBar.swift */; };
		078E78E6DC0D27608C658C7F /* AudienceMatcherTests.swift in Sources */ = {isa = PBXBuildFile; fileRef = 204FB7654E1EBB0C34246628 /* AudienceMatcherTests.swift */; };
		08DEF5D963B600F77DA5A561 /* ThemeFonts.swift in Sources */ = {isa = PBXBuildFile; fileRef = C04F7F96E101D406210AFF76 /* ThemeFonts.swift */; };
		0CDB7997D20396AEB470CD80 /* CalendarView.swift in Sources */ = {isa = PBXBuildFile; fileRef = 4B0ECF8B12DFF7A87C2E04AE /* CalendarView.swift */; };
		20AA38D09BEC28C3EAA828C6 /* OnboardingFlow.swift in Sources */ = {isa = PBXBuildFile; fileRef = 860DEC1890EBC77931C5D15A /* OnboardingFlow.swift */; };
		22113D8D236167957EA9E4B9 /* OFL-Onest.txt in Resources */ = {isa = PBXBuildFile; fileRef = 66BDB6C18FD6F586BD5E30E2 /* OFL-Onest.txt */; };
		2DB24A4489F19FAFCCAF5903 /* TestSupport.swift in Sources */ = {isa = PBXBuildFile; fileRef = 99A1E08B7E9224DE0B4163DF /* TestSupport.swift */; };
		2E44F0F7C373E7760EFE5CED /* IBMPlexMono-Medium.ttf in Resources */ = {isa = PBXBuildFile; fileRef = 57924BB7B2F91435A4AAD328 /* IBMPlexMono-Medium.ttf */; };
		32AD0D8FC77B82489FF26AFB /* UserProfile.swift in Sources */ = {isa = PBXBuildFile; fileRef = 1774F13E5E8D232EE2F23BE7 /* UserProfile.swift */; };
		3423803EF4124279029720CD /* FilterPreferences.swift in Sources */ = {isa = PBXBuildFile; fileRef = 529286C0B61D87836F00AF76 /* FilterPreferences.swift */; };
		407EC302DCAADB1B32FB453A /* Spectral-Italic.ttf in Resources */ = {isa = PBXBuildFile; fileRef = EB32F03777630D83067F0721 /* Spectral-Italic.ttf */; };
		42636094C77BB5542BF0058C /* OFL-Spectral.txt in Resources */ = {isa = PBXBuildFile; fileRef = 4ACFBE8656E3FA8262146D27 /* OFL-Spectral.txt */; };
		466628F27588986DB797F0D0 /* BuildingPlanTests.swift in Sources */ = {isa = PBXBuildFile; fileRef = E6A82B91C6D683530C191DF7 /* BuildingPlanTests.swift */; };
		4BB86B2AE114D8C686D767A6 /* Fixtures.swift in Sources */ = {isa = PBXBuildFile; fileRef = 02F45694AA23E05D3D2E73B2 /* Fixtures.swift */; };
		4C6B09F441118518C828ECD3 /* Spectral-Medium.ttf in Resources */ = {isa = PBXBuildFile; fileRef = 97AA478120D3FB6C12971818 /* Spectral-Medium.ttf */; };
		4ED47553BF671F4A4E503FC6 /* Onest.ttf in Resources */ = {isa = PBXBuildFile; fileRef = 6FE733DC9A412581F4120786 /* Onest.ttf */; };
		50E5DF1B8BF59B75D945DA70 /* FiltersView.swift in Sources */ = {isa = PBXBuildFile; fileRef = AFB13AAB2A2C89303D4AE278 /* FiltersView.swift */; };
		512D25931D06E57D9561822D /* PersistenceTests.swift in Sources */ = {isa = PBXBuildFile; fileRef = 285235E4A2B13337160A7959 /* PersistenceTests.swift */; };
		5C221971C215905058CE5032 /* Theme.swift in Sources */ = {isa = PBXBuildFile; fileRef = B860A0C33CB85EA5FC1B3D9B /* Theme.swift */; };
		5C7D63C572411A716E5CD044 /* EditionSchedule.swift in Sources */ = {isa = PBXBuildFile; fileRef = ECAEEAC59224708B158C55A9 /* EditionSchedule.swift */; };
		62B9D1B84707C097037FFC4D /* ThemeTests.swift in Sources */ = {isa = PBXBuildFile; fileRef = AC9D91340AC8820E09617D0D /* ThemeTests.swift */; };
		65DDB96DC6ED8804BA7C3ADD /* AudienceMatcher.swift in Sources */ = {isa = PBXBuildFile; fileRef = FADFCD68B109D1F7F4857AFF /* AudienceMatcher.swift */; };
		6EFBEE633A34132FE191998A /* RootView.swift in Sources */ = {isa = PBXBuildFile; fileRef = BE916321483FEBC2025A0F37 /* RootView.swift */; };
		738528122C76805A951B728F /* ProfileView.swift in Sources */ = {isa = PBXBuildFile; fileRef = 4C1A98CDE92084B60A42815A /* ProfileView.swift */; };
		7BA483C925D728006E1BA7F4 /* Edition.swift in Sources */ = {isa = PBXBuildFile; fileRef = 772032BF8D3D8CF88304F836 /* Edition.swift */; };
		86D0322171C29C395B33A4AB /* Spectral-SemiBold.ttf in Resources */ = {isa = PBXBuildFile; fileRef = 23FB8E1A12E948AC1FDEA4B0 /* Spectral-SemiBold.ttf */; };
		870A7422D44213F65F231250 /* Components.swift in Sources */ = {isa = PBXBuildFile; fileRef = 00B3BEF7928103BD8546F491 /* Components.swift */; };
		87575CE4FDFAF98E23B31772 /* FilterSettings.swift in Sources */ = {isa = PBXBuildFile; fileRef = E5922046A704DF26E3DB8B19 /* FilterSettings.swift */; };
		8933B5960B18816A706F8697 /* ModelsTests.swift in Sources */ = {isa = PBXBuildFile; fileRef = A2C754348EBE8F3979E95D91 /* ModelsTests.swift */; };
		94AC891091DC9F851939BFAB /* NotificationScheduling.swift in Sources */ = {isa = PBXBuildFile; fileRef = AF6CCF03AD2A9BDE5C8B151F /* NotificationScheduling.swift */; };
		9B71EC59C1118D5FAE7A8B4D /* Profile.swift in Sources */ = {isa = PBXBuildFile; fileRef = 1C8A801D09780DCCF54DF42C /* Profile.swift */; };
		9C9366D69DA42B81F413C198 /* LawDetailView.swift in Sources */ = {isa = PBXBuildFile; fileRef = 21F64BE7110016A1F3783EDA /* LawDetailView.swift */; };
		9E8A264C4418DC7A1F11BBDA /* Color+Hex.swift in Sources */ = {isa = PBXBuildFile; fileRef = EDEDA280E3215D4ADF071595 /* Color+Hex.swift */; };
		A7511CBBFCA78B99E6B0E9B3 /* AudienceLabels.swift in Sources */ = {isa = PBXBuildFile; fileRef = 3BC1A7AD86F75C140FFC8263 /* AudienceLabels.swift */; };
		A777F877FF1221FD39C6557B /* LifeApp.swift in Sources */ = {isa = PBXBuildFile; fileRef = FE5C64C444C1B258BE76A7F6 /* LifeApp.swift */; };
		ABDF3E5A6CBFDA3033D099BA /* laws.json in Resources */ = {isa = PBXBuildFile; fileRef = DFB8D2BAD63932856BAE5977 /* laws.json */; };
		AF5E4F639AB8517532DF4514 /* FormattingTests.swift in Sources */ = {isa = PBXBuildFile; fileRef = D79B65725B61249C77E483C7 /* FormattingTests.swift */; };
		B07C5F36CBBA474E24110DF1 /* ReminderPlanner.swift in Sources */ = {isa = PBXBuildFile; fileRef = B1DB770A6C8C08DFDC5952BE /* ReminderPlanner.swift */; };
		B7F1F4B5D145DB050B88CC15 /* CachedModels.swift in Sources */ = {isa = PBXBuildFile; fileRef = 14C630AC5BFD70847AA2C502 /* CachedModels.swift */; };
		B8EB5D920B8B767F3D624F19 /* Taxonomy.swift in Sources */ = {isa = PBXBuildFile; fileRef = 25A9B451CD3C1B712A839216 /* Taxonomy.swift */; };
		BC15ACC635E823A18B9147E8 /* FilterEngineTests.swift in Sources */ = {isa = PBXBuildFile; fileRef = 6EB0FCE85BF45F96A9E4DC69 /* FilterEngineTests.swift */; };
		BC549795050EB567167D5547 /* RuFormat.swift in Sources */ = {isa = PBXBuildFile; fileRef = E52584BD8E8CF719C3ECC355 /* RuFormat.swift */; };
		C4B5C46465C4F33794889C38 /* ProfileForm.swift in Sources */ = {isa = PBXBuildFile; fileRef = FA775DE6BAE879F8293C0AB6 /* ProfileForm.swift */; };
		CA7753CCE28D53399D8B647F /* BuildingPlan.swift in Sources */ = {isa = PBXBuildFile; fileRef = 2DA8D4DB224321E4C5588C98 /* BuildingPlan.swift */; };
		D7F9F42E4349F7CA3490C122 /* OFL-GolosText.txt in Resources */ = {isa = PBXBuildFile; fileRef = E261E616C0C0E485207C56E8 /* OFL-GolosText.txt */; };
		D9F7FEE1932B25CDC8FE74CA /* Models.swift in Sources */ = {isa = PBXBuildFile; fileRef = 59C3A1CCE99961D730F71A36 /* Models.swift */; };
		DD6B3272ECD303159FBE2CD3 /* TodayView.swift in Sources */ = {isa = PBXBuildFile; fileRef = 7A9824C9C0944A0EE7DCE2F1 /* TodayView.swift */; };
		DDE362FE81C30439C612B2AE /* ContentSource.swift in Sources */ = {isa = PBXBuildFile; fileRef = 40DBE8B49029ADD8F9A23A6A /* ContentSource.swift */; };
		DEEBDAE5E6DFB0E47D661055 /* GolosText.ttf in Resources */ = {isa = PBXBuildFile; fileRef = EFA9732A11D3C02C7E508CDB /* GolosText.ttf */; };
		E420372EC78A85F19A0BC224 /* ThemeChoice.swift in Sources */ = {isa = PBXBuildFile; fileRef = A9D2AA5387A91B87492D5380 /* ThemeChoice.swift */; };
		E7C6BCD411F282350B85D2C2 /* AppModel.swift in Sources */ = {isa = PBXBuildFile; fileRef = 77D4F088CDB99E62C35B112B /* AppModel.swift */; };
		E7E5778D468207016676E3DC /* PersistenceStack.swift in Sources */ = {isa = PBXBuildFile; fileRef = 42401E0ADC13049F98DDA4BA /* PersistenceStack.swift */; };
		EB0395A63C3EEC93F8ABBD5D /* IBMPlexMono-Regular.ttf in Resources */ = {isa = PBXBuildFile; fileRef = A939BA5001D3B6ECAF1BDEEA /* IBMPlexMono-Regular.ttf */; };
		EC852E637DCC41CEF28C8FCB /* feed.json in Resources */ = {isa = PBXBuildFile; fileRef = 9A3246E0A2890AD776EAFE25 /* feed.json */; };
		EE836D0B6F95FB1BBAF8B5EF /* CalendarDate.swift in Sources */ = {isa = PBXBuildFile; fileRef = 317816778AE2D98CC8419F10 /* CalendarDate.swift */; };
		F70742AA2936A6809D50A2C1 /* FilterEngine.swift in Sources */ = {isa = PBXBuildFile; fileRef = 4DBEAE13479DC2BDF9F97FF3 /* FilterEngine.swift */; };
		FA07318D05FDE3932F943FEB /* OFL-IBMPlexMono.txt in Resources */ = {isa = PBXBuildFile; fileRef = 3F969B153C5ADF2B40E60356 /* OFL-IBMPlexMono.txt */; };
/* End PBXBuildFile section */

/* Begin PBXContainerItemProxy section */
		BF3547FECBDEFF2784D0884D /* PBXContainerItemProxy */ = {
			isa = PBXContainerItemProxy;
			containerPortal = DEA06EB59EF8C102FE482645 /* Project object */;
			proxyType = 1;
			remoteGlobalIDString = 6B716F59C81617C9F62FBD0E;
			remoteInfo = Life;
		};
/* End PBXContainerItemProxy section */

/* Begin PBXFileReference section */
		00B3BEF7928103BD8546F491 /* Components.swift */ = {isa = PBXFileReference; lastKnownFileType = sourcecode.swift; path = Components.swift; sourceTree = "<group>"; };
		02F45694AA23E05D3D2E73B2 /* Fixtures.swift */ = {isa = PBXFileReference; lastKnownFileType = sourcecode.swift; path = Fixtures.swift; sourceTree = "<group>"; };
		14C630AC5BFD70847AA2C502 /* CachedModels.swift */ = {isa = PBXFileReference; lastKnownFileType = sourcecode.swift; path = CachedModels.swift; sourceTree = "<group>"; };
		1774F13E5E8D232EE2F23BE7 /* UserProfile.swift */ = {isa = PBXFileReference; lastKnownFileType = sourcecode.swift; path = UserProfile.swift; sourceTree = "<group>"; };
		1C8A801D09780DCCF54DF42C /* Profile.swift */ = {isa = PBXFileReference; lastKnownFileType = sourcecode.swift; path = Profile.swift; sourceTree = "<group>"; };
		204FB7654E1EBB0C34246628 /* AudienceMatcherTests.swift */ = {isa = PBXFileReference; lastKnownFileType = sourcecode.swift; path = AudienceMatcherTests.swift; sourceTree = "<group>"; };
		21F64BE7110016A1F3783EDA /* LawDetailView.swift */ = {isa = PBXFileReference; lastKnownFileType = sourcecode.swift; path = LawDetailView.swift; sourceTree = "<group>"; };
		23FB8E1A12E948AC1FDEA4B0 /* Spectral-SemiBold.ttf */ = {isa = PBXFileReference; lastKnownFileType = file; path = "Spectral-SemiBold.ttf"; sourceTree = "<group>"; };
		25A9B451CD3C1B712A839216 /* Taxonomy.swift */ = {isa = PBXFileReference; lastKnownFileType = sourcecode.swift; path = Taxonomy.swift; sourceTree = "<group>"; };
		285235E4A2B13337160A7959 /* PersistenceTests.swift */ = {isa = PBXFileReference; lastKnownFileType = sourcecode.swift; path = PersistenceTests.swift; sourceTree = "<group>"; };
		2B8B5B0DA95C18563A69FFE6 /* ThemePicker.swift */ = {isa = PBXFileReference; lastKnownFileType = sourcecode.swift; path = ThemePicker.swift; sourceTree = "<group>"; };
		2DA8D4DB224321E4C5588C98 /* BuildingPlan.swift */ = {isa = PBXFileReference; lastKnownFileType = sourcecode.swift; path = BuildingPlan.swift; sourceTree = "<group>"; };
		317816778AE2D98CC8419F10 /* CalendarDate.swift */ = {isa = PBXFileReference; lastKnownFileType = sourcecode.swift; path = CalendarDate.swift; sourceTree = "<group>"; };
		393F67C35B3ECCF400E3AD81 /* LifeTests.xctest */ = {isa = PBXFileReference; includeInIndex = 0; lastKnownFileType = wrapper.cfbundle; path = LifeTests.xctest; sourceTree = BUILT_PRODUCTS_DIR; };
		3BC1A7AD86F75C140FFC8263 /* AudienceLabels.swift */ = {isa = PBXFileReference; lastKnownFileType = sourcecode.swift; path = AudienceLabels.swift; sourceTree = "<group>"; };
		3F969B153C5ADF2B40E60356 /* OFL-IBMPlexMono.txt */ = {isa = PBXFileReference; lastKnownFileType = text; path = "OFL-IBMPlexMono.txt"; sourceTree = "<group>"; };
		40DBE8B49029ADD8F9A23A6A /* ContentSource.swift */ = {isa = PBXFileReference; lastKnownFileType = sourcecode.swift; path = ContentSource.swift; sourceTree = "<group>"; };
		42401E0ADC13049F98DDA4BA /* PersistenceStack.swift */ = {isa = PBXFileReference; lastKnownFileType = sourcecode.swift; path = PersistenceStack.swift; sourceTree = "<group>"; };
		4ACFBE8656E3FA8262146D27 /* OFL-Spectral.txt */ = {isa = PBXFileReference; lastKnownFileType = text; path = "OFL-Spectral.txt"; sourceTree = "<group>"; };
		4B0ECF8B12DFF7A87C2E04AE /* CalendarView.swift */ = {isa = PBXFileReference; lastKnownFileType = sourcecode.swift; path = CalendarView.swift; sourceTree = "<group>"; };
		4C1A98CDE92084B60A42815A /* ProfileView.swift */ = {isa = PBXFileReference; lastKnownFileType = sourcecode.swift; path = ProfileView.swift; sourceTree = "<group>"; };
		4DBEAE13479DC2BDF9F97FF3 /* FilterEngine.swift */ = {isa = PBXFileReference; lastKnownFileType = sourcecode.swift; path = FilterEngine.swift; sourceTree = "<group>"; };
		50B232D3AE27D3EE4B166065 /* DebugLaunch.swift */ = {isa = PBXFileReference; lastKnownFileType = sourcecode.swift; path = DebugLaunch.swift; sourceTree = "<group>"; };
		529286C0B61D87836F00AF76 /* FilterPreferences.swift */ = {isa = PBXFileReference; lastKnownFileType = sourcecode.swift; path = FilterPreferences.swift; sourceTree = "<group>"; };
		57924BB7B2F91435A4AAD328 /* IBMPlexMono-Medium.ttf */ = {isa = PBXFileReference; lastKnownFileType = file; path = "IBMPlexMono-Medium.ttf"; sourceTree = "<group>"; };
		59C3A1CCE99961D730F71A36 /* Models.swift */ = {isa = PBXFileReference; lastKnownFileType = sourcecode.swift; path = Models.swift; sourceTree = "<group>"; };
		66BDB6C18FD6F586BD5E30E2 /* OFL-Onest.txt */ = {isa = PBXFileReference; lastKnownFileType = text; path = "OFL-Onest.txt"; sourceTree = "<group>"; };
		684E01DE6778A88734A0FC25 /* Life.app */ = {isa = PBXFileReference; includeInIndex = 0; lastKnownFileType = wrapper.application; path = Life.app; sourceTree = BUILT_PRODUCTS_DIR; };
		6EB0FCE85BF45F96A9E4DC69 /* FilterEngineTests.swift */ = {isa = PBXFileReference; lastKnownFileType = sourcecode.swift; path = FilterEngineTests.swift; sourceTree = "<group>"; };
		6FE733DC9A412581F4120786 /* Onest.ttf */ = {isa = PBXFileReference; lastKnownFileType = file; path = Onest.ttf; sourceTree = "<group>"; };
		772032BF8D3D8CF88304F836 /* Edition.swift */ = {isa = PBXFileReference; lastKnownFileType = sourcecode.swift; path = Edition.swift; sourceTree = "<group>"; };
		77D4F088CDB99E62C35B112B /* AppModel.swift */ = {isa = PBXFileReference; lastKnownFileType = sourcecode.swift; path = AppModel.swift; sourceTree = "<group>"; };
		7A9824C9C0944A0EE7DCE2F1 /* TodayView.swift */ = {isa = PBXFileReference; lastKnownFileType = sourcecode.swift; path = TodayView.swift; sourceTree = "<group>"; };
		860DEC1890EBC77931C5D15A /* OnboardingFlow.swift */ = {isa = PBXFileReference; lastKnownFileType = sourcecode.swift; path = OnboardingFlow.swift; sourceTree = "<group>"; };
		97AA478120D3FB6C12971818 /* Spectral-Medium.ttf */ = {isa = PBXFileReference; lastKnownFileType = file; path = "Spectral-Medium.ttf"; sourceTree = "<group>"; };
		99A1E08B7E9224DE0B4163DF /* TestSupport.swift */ = {isa = PBXFileReference; lastKnownFileType = sourcecode.swift; path = TestSupport.swift; sourceTree = "<group>"; };
		9A3246E0A2890AD776EAFE25 /* feed.json */ = {isa = PBXFileReference; lastKnownFileType = text.json; path = feed.json; sourceTree = "<group>"; };
		A2C754348EBE8F3979E95D91 /* ModelsTests.swift */ = {isa = PBXFileReference; lastKnownFileType = sourcecode.swift; path = ModelsTests.swift; sourceTree = "<group>"; };
		A939BA5001D3B6ECAF1BDEEA /* IBMPlexMono-Regular.ttf */ = {isa = PBXFileReference; lastKnownFileType = file; path = "IBMPlexMono-Regular.ttf"; sourceTree = "<group>"; };
		A9D2AA5387A91B87492D5380 /* ThemeChoice.swift */ = {isa = PBXFileReference; lastKnownFileType = sourcecode.swift; path = ThemeChoice.swift; sourceTree = "<group>"; };
		AC9D91340AC8820E09617D0D /* ThemeTests.swift */ = {isa = PBXFileReference; lastKnownFileType = sourcecode.swift; path = ThemeTests.swift; sourceTree = "<group>"; };
		AF6CCF03AD2A9BDE5C8B151F /* NotificationScheduling.swift */ = {isa = PBXFileReference; lastKnownFileType = sourcecode.swift; path = NotificationScheduling.swift; sourceTree = "<group>"; };
		AFB13AAB2A2C89303D4AE278 /* FiltersView.swift */ = {isa = PBXFileReference; lastKnownFileType = sourcecode.swift; path = FiltersView.swift; sourceTree = "<group>"; };
		B1DB770A6C8C08DFDC5952BE /* ReminderPlanner.swift */ = {isa = PBXFileReference; lastKnownFileType = sourcecode.swift; path = ReminderPlanner.swift; sourceTree = "<group>"; };
		B75314E6626848A561605807 /* .gitkeep */ = {isa = PBXFileReference; path = .gitkeep; sourceTree = "<group>"; };
		B860A0C33CB85EA5FC1B3D9B /* Theme.swift */ = {isa = PBXFileReference; lastKnownFileType = sourcecode.swift; path = Theme.swift; sourceTree = "<group>"; };
		BE916321483FEBC2025A0F37 /* RootView.swift */ = {isa = PBXFileReference; lastKnownFileType = sourcecode.swift; path = RootView.swift; sourceTree = "<group>"; };
		C04F7F96E101D406210AFF76 /* ThemeFonts.swift */ = {isa = PBXFileReference; lastKnownFileType = sourcecode.swift; path = ThemeFonts.swift; sourceTree = "<group>"; };
		CA35FFEC7E27D884F0D7F252 /* TabBar.swift */ = {isa = PBXFileReference; lastKnownFileType = sourcecode.swift; path = TabBar.swift; sourceTree = "<group>"; };
		D79B65725B61249C77E483C7 /* FormattingTests.swift */ = {isa = PBXFileReference; lastKnownFileType = sourcecode.swift; path = FormattingTests.swift; sourceTree = "<group>"; };
		DFB8D2BAD63932856BAE5977 /* laws.json */ = {isa = PBXFileReference; lastKnownFileType = text.json; path = laws.json; sourceTree = "<group>"; };
		E261E616C0C0E485207C56E8 /* OFL-GolosText.txt */ = {isa = PBXFileReference; lastKnownFileType = text; path = "OFL-GolosText.txt"; sourceTree = "<group>"; };
		E52584BD8E8CF719C3ECC355 /* RuFormat.swift */ = {isa = PBXFileReference; lastKnownFileType = sourcecode.swift; path = RuFormat.swift; sourceTree = "<group>"; };
		E5922046A704DF26E3DB8B19 /* FilterSettings.swift */ = {isa = PBXFileReference; lastKnownFileType = sourcecode.swift; path = FilterSettings.swift; sourceTree = "<group>"; };
		E6A82B91C6D683530C191DF7 /* BuildingPlanTests.swift */ = {isa = PBXFileReference; lastKnownFileType = sourcecode.swift; path = BuildingPlanTests.swift; sourceTree = "<group>"; };
		EB32F03777630D83067F0721 /* Spectral-Italic.ttf */ = {isa = PBXFileReference; lastKnownFileType = file; path = "Spectral-Italic.ttf"; sourceTree = "<group>"; };
		ECAEEAC59224708B158C55A9 /* EditionSchedule.swift */ = {isa = PBXFileReference; lastKnownFileType = sourcecode.swift; path = EditionSchedule.swift; sourceTree = "<group>"; };
		EDEDA280E3215D4ADF071595 /* Color+Hex.swift */ = {isa = PBXFileReference; lastKnownFileType = sourcecode.swift; path = "Color+Hex.swift"; sourceTree = "<group>"; };
		EFA9732A11D3C02C7E508CDB /* GolosText.ttf */ = {isa = PBXFileReference; lastKnownFileType = file; path = GolosText.ttf; sourceTree = "<group>"; };
		FA775DE6BAE879F8293C0AB6 /* ProfileForm.swift */ = {isa = PBXFileReference; lastKnownFileType = sourcecode.swift; path = ProfileForm.swift; sourceTree = "<group>"; };
		FADFCD68B109D1F7F4857AFF /* AudienceMatcher.swift */ = {isa = PBXFileReference; lastKnownFileType = sourcecode.swift; path = AudienceMatcher.swift; sourceTree = "<group>"; };
		FE5C64C444C1B258BE76A7F6 /* LifeApp.swift */ = {isa = PBXFileReference; lastKnownFileType = sourcecode.swift; path = LifeApp.swift; sourceTree = "<group>"; };
		FFA1EC08E2CBD416952030BB /* Info.plist */ = {isa = PBXFileReference; lastKnownFileType = text.plist; path = Info.plist; sourceTree = "<group>"; };
/* End PBXFileReference section */

/* Begin PBXGroup section */
		152031BF20CAC4697409D12A /* Resources */ = {
			isa = PBXGroup;
			children = (
				69F89FA80C650607CC6B782F /* Fixtures */,
				243FC7E4AED6372DD7402429 /* Fonts */,
			);
			path = Resources;
			sourceTree = "<group>";
		};
		243FC7E4AED6372DD7402429 /* Fonts */ = {
			isa = PBXGroup;
			children = (
				B75314E6626848A561605807 /* .gitkeep */,
				EFA9732A11D3C02C7E508CDB /* GolosText.ttf */,
				57924BB7B2F91435A4AAD328 /* IBMPlexMono-Medium.ttf */,
				A939BA5001D3B6ECAF1BDEEA /* IBMPlexMono-Regular.ttf */,
				E261E616C0C0E485207C56E8 /* OFL-GolosText.txt */,
				3F969B153C5ADF2B40E60356 /* OFL-IBMPlexMono.txt */,
				66BDB6C18FD6F586BD5E30E2 /* OFL-Onest.txt */,
				4ACFBE8656E3FA8262146D27 /* OFL-Spectral.txt */,
				6FE733DC9A412581F4120786 /* Onest.ttf */,
				EB32F03777630D83067F0721 /* Spectral-Italic.ttf */,
				97AA478120D3FB6C12971818 /* Spectral-Medium.ttf */,
				23FB8E1A12E948AC1FDEA4B0 /* Spectral-SemiBold.ttf */,
			);
			path = Fonts;
			sourceTree = "<group>";
		};
		31C0DB3F47BC62EABC5ADF43 /* Onboarding */ = {
			isa = PBXGroup;
			children = (
				860DEC1890EBC77931C5D15A /* OnboardingFlow.swift */,
			);
			path = Onboarding;
			sourceTree = "<group>";
		};
		42D9EA7548084C969353C128 /* Notifications */ = {
			isa = PBXGroup;
			children = (
				ECAEEAC59224708B158C55A9 /* EditionSchedule.swift */,
				AF6CCF03AD2A9BDE5C8B151F /* NotificationScheduling.swift */,
				B1DB770A6C8C08DFDC5952BE /* ReminderPlanner.swift */,
			);
			path = Notifications;
			sourceTree = "<group>";
		};
		4D816874AC9F565981FEB0E6 /* Products */ = {
			isa = PBXGroup;
			children = (
				684E01DE6778A88734A0FC25 /* Life.app */,
				393F67C35B3ECCF400E3AD81 /* LifeTests.xctest */,
			);
			name = Products;
			sourceTree = "<group>";
		};
		60B413F31DB589DBBDBA3906 /* Formatting */ = {
			isa = PBXGroup;
			children = (
				3BC1A7AD86F75C140FFC8263 /* AudienceLabels.swift */,
				E52584BD8E8CF719C3ECC355 /* RuFormat.swift */,
			);
			path = Formatting;
			sourceTree = "<group>";
		};
		64B2B006B27C3879ACCEB5D9 /* Networking */ = {
			isa = PBXGroup;
			children = (
				317816778AE2D98CC8419F10 /* CalendarDate.swift */,
				40DBE8B49029ADD8F9A23A6A /* ContentSource.swift */,
				02F45694AA23E05D3D2E73B2 /* Fixtures.swift */,
				59C3A1CCE99961D730F71A36 /* Models.swift */,
				25A9B451CD3C1B712A839216 /* Taxonomy.swift */,
			);
			path = Networking;
			sourceTree = "<group>";
		};
		6938B41C31C02A957B2131AA /* Today */ = {
			isa = PBXGroup;
			children = (
				7A9824C9C0944A0EE7DCE2F1 /* TodayView.swift */,
			);
			path = Today;
			sourceTree = "<group>";
		};
		69F89FA80C650607CC6B782F /* Fixtures */ = {
			isa = PBXGroup;
			children = (
				9A3246E0A2890AD776EAFE25 /* feed.json */,
				DFB8D2BAD63932856BAE5977 /* laws.json */,
			);
			path = Fixtures;
			sourceTree = "<group>";
		};
		6C1806F36EB8D6C9CA02A573 = {
			isa = PBXGroup;
			children = (
				FED6A7E5F907CF3FB41716E7 /* App */,
				6F48F1BFAD96901ED612A653 /* Core */,
				DAC6D9AA87196E6A950DC3D8 /* Features */,
				152031BF20CAC4697409D12A /* Resources */,
				718107EC118EBEA472F11D4E /* Tests */,
				4D816874AC9F565981FEB0E6 /* Products */,
			);
			sourceTree = "<group>";
		};
		6F48F1BFAD96901ED612A653 /* Core */ = {
			isa = PBXGroup;
			children = (
				7B88BDA8FCB731A10EF3041B /* App */,
				B88CF9EC50040C97DC499660 /* Filtering */,
				60B413F31DB589DBBDBA3906 /* Formatting */,
				64B2B006B27C3879ACCEB5D9 /* Networking */,
				42D9EA7548084C969353C128 /* Notifications */,
				CCA0A1802CAE8A2663B669CB /* Persistence */,
				6F9671B06CB405A9DCB46C73 /* Theme */,
				C52E5C180DEED5FB2BC1DFE2 /* UI */,
			);
			path = Core;
			sourceTree = "<group>";
		};
		6F9671B06CB405A9DCB46C73 /* Theme */ = {
			isa = PBXGroup;
			children = (
				EDEDA280E3215D4ADF071595 /* Color+Hex.swift */,
				B860A0C33CB85EA5FC1B3D9B /* Theme.swift */,
				A9D2AA5387A91B87492D5380 /* ThemeChoice.swift */,
				C04F7F96E101D406210AFF76 /* ThemeFonts.swift */,
			);
			path = Theme;
			sourceTree = "<group>";
		};
		718107EC118EBEA472F11D4E /* Tests */ = {
			isa = PBXGroup;
			children = (
				204FB7654E1EBB0C34246628 /* AudienceMatcherTests.swift */,
				E6A82B91C6D683530C191DF7 /* BuildingPlanTests.swift */,
				6EB0FCE85BF45F96A9E4DC69 /* FilterEngineTests.swift */,
				D79B65725B61249C77E483C7 /* FormattingTests.swift */,
				A2C754348EBE8F3979E95D91 /* ModelsTests.swift */,
				285235E4A2B13337160A7959 /* PersistenceTests.swift */,
				99A1E08B7E9224DE0B4163DF /* TestSupport.swift */,
				AC9D91340AC8820E09617D0D /* ThemeTests.swift */,
			);
			path = Tests;
			sourceTree = "<group>";
		};
		7B88BDA8FCB731A10EF3041B /* App */ = {
			isa = PBXGroup;
			children = (
				77D4F088CDB99E62C35B112B /* AppModel.swift */,
				50B232D3AE27D3EE4B166065 /* DebugLaunch.swift */,
			);
			path = App;
			sourceTree = "<group>";
		};
		9DF1BA4E0F71C9772B9F7D0E /* Profile */ = {
			isa = PBXGroup;
			children = (
				FA775DE6BAE879F8293C0AB6 /* ProfileForm.swift */,
				4C1A98CDE92084B60A42815A /* ProfileView.swift */,
				2B8B5B0DA95C18563A69FFE6 /* ThemePicker.swift */,
			);
			path = Profile;
			sourceTree = "<group>";
		};
		A5839042357266D000E96D9A /* LawDetail */ = {
			isa = PBXGroup;
			children = (
				21F64BE7110016A1F3783EDA /* LawDetailView.swift */,
			);
			path = LawDetail;
			sourceTree = "<group>";
		};
		AA4C23578EF682C472772237 /* Filters */ = {
			isa = PBXGroup;
			children = (
				AFB13AAB2A2C89303D4AE278 /* FiltersView.swift */,
			);
			path = Filters;
			sourceTree = "<group>";
		};
		AC0861D9F3E7FA68BE6BBA88 /* Calendar */ = {
			isa = PBXGroup;
			children = (
				4B0ECF8B12DFF7A87C2E04AE /* CalendarView.swift */,
			);
			path = Calendar;
			sourceTree = "<group>";
		};
		B88CF9EC50040C97DC499660 /* Filtering */ = {
			isa = PBXGroup;
			children = (
				FADFCD68B109D1F7F4857AFF /* AudienceMatcher.swift */,
				2DA8D4DB224321E4C5588C98 /* BuildingPlan.swift */,
				772032BF8D3D8CF88304F836 /* Edition.swift */,
				4DBEAE13479DC2BDF9F97FF3 /* FilterEngine.swift */,
				529286C0B61D87836F00AF76 /* FilterPreferences.swift */,
				1774F13E5E8D232EE2F23BE7 /* UserProfile.swift */,
			);
			path = Filtering;
			sourceTree = "<group>";
		};
		C52E5C180DEED5FB2BC1DFE2 /* UI */ = {
			isa = PBXGroup;
			children = (
				00B3BEF7928103BD8546F491 /* Components.swift */,
				CA35FFEC7E27D884F0D7F252 /* TabBar.swift */,
			);
			path = UI;
			sourceTree = "<group>";
		};
		CCA0A1802CAE8A2663B669CB /* Persistence */ = {
			isa = PBXGroup;
			children = (
				14C630AC5BFD70847AA2C502 /* CachedModels.swift */,
				E5922046A704DF26E3DB8B19 /* FilterSettings.swift */,
				42401E0ADC13049F98DDA4BA /* PersistenceStack.swift */,
				1C8A801D09780DCCF54DF42C /* Profile.swift */,
			);
			path = Persistence;
			sourceTree = "<group>";
		};
		DAC6D9AA87196E6A950DC3D8 /* Features */ = {
			isa = PBXGroup;
			children = (
				AC0861D9F3E7FA68BE6BBA88 /* Calendar */,
				AA4C23578EF682C472772237 /* Filters */,
				A5839042357266D000E96D9A /* LawDetail */,
				31C0DB3F47BC62EABC5ADF43 /* Onboarding */,
				9DF1BA4E0F71C9772B9F7D0E /* Profile */,
				6938B41C31C02A957B2131AA /* Today */,
			);
			path = Features;
			sourceTree = "<group>";
		};
		FED6A7E5F907CF3FB41716E7 /* App */ = {
			isa = PBXGroup;
			children = (
				FFA1EC08E2CBD416952030BB /* Info.plist */,
				FE5C64C444C1B258BE76A7F6 /* LifeApp.swift */,
				BE916321483FEBC2025A0F37 /* RootView.swift */,
			);
			path = App;
			sourceTree = "<group>";
		};
/* End PBXGroup section */

/* Begin PBXNativeTarget section */
		2F5DE325505FCCF9C47B56B7 /* LifeTests */ = {
			isa = PBXNativeTarget;
			buildConfigurationList = 32BBB3D6D7268354B04A1966 /* Build configuration list for PBXNativeTarget "LifeTests" */;
			buildPhases = (
				2AE4895533EA57D7E8060019 /* Sources */,
			);
			buildRules = (
			);
			dependencies = (
				FE4BA758FFCF0CDB22CC3000 /* PBXTargetDependency */,
			);
			name = LifeTests;
			packageProductDependencies = (
			);
			productName = LifeTests;
			productReference = 393F67C35B3ECCF400E3AD81 /* LifeTests.xctest */;
			productType = "com.apple.product-type.bundle.unit-test";
		};
		6B716F59C81617C9F62FBD0E /* Life */ = {
			isa = PBXNativeTarget;
			buildConfigurationList = 902D66D1E9F45CD3052252BB /* Build configuration list for PBXNativeTarget "Life" */;
			buildPhases = (
				5F56B432D29B35DBE545DE0E /* Sources */,
				997A0EF9CDEDC077A8CC9413 /* Resources */,
			);
			buildRules = (
			);
			dependencies = (
			);
			name = Life;
			packageProductDependencies = (
			);
			productName = Life;
			productReference = 684E01DE6778A88734A0FC25 /* Life.app */;
			productType = "com.apple.product-type.application";
		};
/* End PBXNativeTarget section */

/* Begin PBXProject section */
		DEA06EB59EF8C102FE482645 /* Project object */ = {
			isa = PBXProject;
			attributes = {
				BuildIndependentTargetsInParallel = YES;
				LastUpgradeCheck = 1430;
				TargetAttributes = {
				};
			};
			buildConfigurationList = 5704AD7FBFB96B7CC2FF0DC8 /* Build configuration list for PBXProject "Life" */;
			developmentRegion = en;
			hasScannedForEncodings = 0;
			knownRegions = (
				Base,
				en,
			);
			mainGroup = 6C1806F36EB8D6C9CA02A573;
			minimizedProjectReferenceProxies = 1;
			preferredProjectObjectVersion = 77;
			productRefGroup = 4D816874AC9F565981FEB0E6 /* Products */;
			projectDirPath = "";
			projectRoot = "";
			targets = (
				6B716F59C81617C9F62FBD0E /* Life */,
				2F5DE325505FCCF9C47B56B7 /* LifeTests */,
			);
		};
/* End PBXProject section */

/* Begin PBXResourcesBuildPhase section */
		997A0EF9CDEDC077A8CC9413 /* Resources */ = {
			isa = PBXResourcesBuildPhase;
			buildActionMask = 2147483647;
			files = (
				DEEBDAE5E6DFB0E47D661055 /* GolosText.ttf in Resources */,
				2E44F0F7C373E7760EFE5CED /* IBMPlexMono-Medium.ttf in Resources */,
				EB0395A63C3EEC93F8ABBD5D /* IBMPlexMono-Regular.ttf in Resources */,
				D7F9F42E4349F7CA3490C122 /* OFL-GolosText.txt in Resources */,
				FA07318D05FDE3932F943FEB /* OFL-IBMPlexMono.txt in Resources */,
				22113D8D236167957EA9E4B9 /* OFL-Onest.txt in Resources */,
				42636094C77BB5542BF0058C /* OFL-Spectral.txt in Resources */,
				4ED47553BF671F4A4E503FC6 /* Onest.ttf in Resources */,
				407EC302DCAADB1B32FB453A /* Spectral-Italic.ttf in Resources */,
				4C6B09F441118518C828ECD3 /* Spectral-Medium.ttf in Resources */,
				86D0322171C29C395B33A4AB /* Spectral-SemiBold.ttf in Resources */,
				EC852E637DCC41CEF28C8FCB /* feed.json in Resources */,
				ABDF3E5A6CBFDA3033D099BA /* laws.json in Resources */,
			);
			runOnlyForDeploymentPostprocessing = 0;
		};
/* End PBXResourcesBuildPhase section */

/* Begin PBXSourcesBuildPhase section */
		2AE4895533EA57D7E8060019 /* Sources */ = {
			isa = PBXSourcesBuildPhase;
			buildActionMask = 2147483647;
			files = (
				078E78E6DC0D27608C658C7F /* AudienceMatcherTests.swift in Sources */,
				466628F27588986DB797F0D0 /* BuildingPlanTests.swift in Sources */,
				BC15ACC635E823A18B9147E8 /* FilterEngineTests.swift in Sources */,
				AF5E4F639AB8517532DF4514 /* FormattingTests.swift in Sources */,
				8933B5960B18816A706F8697 /* ModelsTests.swift in Sources */,
				512D25931D06E57D9561822D /* PersistenceTests.swift in Sources */,
				2DB24A4489F19FAFCCAF5903 /* TestSupport.swift in Sources */,
				62B9D1B84707C097037FFC4D /* ThemeTests.swift in Sources */,
			);
			runOnlyForDeploymentPostprocessing = 0;
		};
		5F56B432D29B35DBE545DE0E /* Sources */ = {
			isa = PBXSourcesBuildPhase;
			buildActionMask = 2147483647;
			files = (
				E7C6BCD411F282350B85D2C2 /* AppModel.swift in Sources */,
				A7511CBBFCA78B99E6B0E9B3 /* AudienceLabels.swift in Sources */,
				65DDB96DC6ED8804BA7C3ADD /* AudienceMatcher.swift in Sources */,
				CA7753CCE28D53399D8B647F /* BuildingPlan.swift in Sources */,
				B7F1F4B5D145DB050B88CC15 /* CachedModels.swift in Sources */,
				EE836D0B6F95FB1BBAF8B5EF /* CalendarDate.swift in Sources */,
				0CDB7997D20396AEB470CD80 /* CalendarView.swift in Sources */,
				9E8A264C4418DC7A1F11BBDA /* Color+Hex.swift in Sources */,
				870A7422D44213F65F231250 /* Components.swift in Sources */,
				DDE362FE81C30439C612B2AE /* ContentSource.swift in Sources */,
				025070AE490FCBD00EB6F8BA /* DebugLaunch.swift in Sources */,
				7BA483C925D728006E1BA7F4 /* Edition.swift in Sources */,
				5C7D63C572411A716E5CD044 /* EditionSchedule.swift in Sources */,
				F70742AA2936A6809D50A2C1 /* FilterEngine.swift in Sources */,
				3423803EF4124279029720CD /* FilterPreferences.swift in Sources */,
				87575CE4FDFAF98E23B31772 /* FilterSettings.swift in Sources */,
				50E5DF1B8BF59B75D945DA70 /* FiltersView.swift in Sources */,
				4BB86B2AE114D8C686D767A6 /* Fixtures.swift in Sources */,
				9C9366D69DA42B81F413C198 /* LawDetailView.swift in Sources */,
				A777F877FF1221FD39C6557B /* LifeApp.swift in Sources */,
				D9F7FEE1932B25CDC8FE74CA /* Models.swift in Sources */,
				94AC891091DC9F851939BFAB /* NotificationScheduling.swift in Sources */,
				20AA38D09BEC28C3EAA828C6 /* OnboardingFlow.swift in Sources */,
				E7E5778D468207016676E3DC /* PersistenceStack.swift in Sources */,
				9B71EC59C1118D5FAE7A8B4D /* Profile.swift in Sources */,
				C4B5C46465C4F33794889C38 /* ProfileForm.swift in Sources */,
				738528122C76805A951B728F /* ProfileView.swift in Sources */,
				B07C5F36CBBA474E24110DF1 /* ReminderPlanner.swift in Sources */,
				6EFBEE633A34132FE191998A /* RootView.swift in Sources */,
				BC549795050EB567167D5547 /* RuFormat.swift in Sources */,
				05F4EA4FDBC513677B2F9F7E /* TabBar.swift in Sources */,
				B8EB5D920B8B767F3D624F19 /* Taxonomy.swift in Sources */,
				5C221971C215905058CE5032 /* Theme.swift in Sources */,
				E420372EC78A85F19A0BC224 /* ThemeChoice.swift in Sources */,
				08DEF5D963B600F77DA5A561 /* ThemeFonts.swift in Sources */,
				0089A67F81E3B4AE8F53C42B /* ThemePicker.swift in Sources */,
				DD6B3272ECD303159FBE2CD3 /* TodayView.swift in Sources */,
				32AD0D8FC77B82489FF26AFB /* UserProfile.swift in Sources */,
			);
			runOnlyForDeploymentPostprocessing = 0;
		};
/* End PBXSourcesBuildPhase section */

/* Begin PBXTargetDependency section */
		FE4BA758FFCF0CDB22CC3000 /* PBXTargetDependency */ = {
			isa = PBXTargetDependency;
			target = 6B716F59C81617C9F62FBD0E /* Life */;
			targetProxy = BF3547FECBDEFF2784D0884D /* PBXContainerItemProxy */;
		};
/* End PBXTargetDependency section */

/* Begin XCBuildConfiguration section */
		372421C82EBDC575E1ECB317 /* Release */ = {
			isa = XCBuildConfiguration;
			buildSettings = {
				BUNDLE_LOADER = "$(TEST_HOST)";
				GENERATE_INFOPLIST_FILE = YES;
				LD_RUNPATH_SEARCH_PATHS = (
					"$(inherited)",
					"@executable_path/Frameworks",
					"@loader_path/Frameworks",
				);
				PRODUCT_BUNDLE_IDENTIFIER = ru.andronov.life.tests;
				SDKROOT = iphoneos;
				TARGETED_DEVICE_FAMILY = "1,2";
				TEST_HOST = "$(BUILT_PRODUCTS_DIR)/Life.app/Life";
			};
			name = Release;
		};
		5E6DD41302CEDA8E21DC6015 /* Debug */ = {
			isa = XCBuildConfiguration;
			buildSettings = {
				ASSETCATALOG_COMPILER_APPICON_NAME = AppIcon;
				CODE_SIGN_IDENTITY = "iPhone Developer";
				INFOPLIST_FILE = App/Info.plist;
				LD_RUNPATH_SEARCH_PATHS = (
					"$(inherited)",
					"@executable_path/Frameworks",
				);
				PRODUCT_BUNDLE_IDENTIFIER = ru.andronov.life;
				SDKROOT = iphoneos;
				TARGETED_DEVICE_FAMILY = 1;
			};
			name = Debug;
		};
		63C6101C9B802E2835908D21 /* Debug */ = {
			isa = XCBuildConfiguration;
			buildSettings = {
				BUNDLE_LOADER = "$(TEST_HOST)";
				GENERATE_INFOPLIST_FILE = YES;
				LD_RUNPATH_SEARCH_PATHS = (
					"$(inherited)",
					"@executable_path/Frameworks",
					"@loader_path/Frameworks",
				);
				PRODUCT_BUNDLE_IDENTIFIER = ru.andronov.life.tests;
				SDKROOT = iphoneos;
				TARGETED_DEVICE_FAMILY = "1,2";
				TEST_HOST = "$(BUILT_PRODUCTS_DIR)/Life.app/Life";
			};
			name = Debug;
		};
		65F7E1884D8C195FC4FC19AE /* Debug */ = {
			isa = XCBuildConfiguration;
			buildSettings = {
				ALWAYS_SEARCH_USER_PATHS = NO;
				CLANG_ANALYZER_NONNULL = YES;
				CLANG_ANALYZER_NUMBER_OBJECT_CONVERSION = YES_AGGRESSIVE;
				CLANG_CXX_LANGUAGE_STANDARD = "gnu++14";
				CLANG_CXX_LIBRARY = "libc++";
				CLANG_ENABLE_MODULES = YES;
				CLANG_ENABLE_OBJC_ARC = YES;
				CLANG_ENABLE_OBJC_WEAK = YES;
				CLANG_WARN_BLOCK_CAPTURE_AUTORELEASING = YES;
				CLANG_WARN_BOOL_CONVERSION = YES;
				CLANG_WARN_COMMA = YES;
				CLANG_WARN_CONSTANT_CONVERSION = YES;
				CLANG_WARN_DEPRECATED_OBJC_IMPLEMENTATIONS = YES;
				CLANG_WARN_DIRECT_OBJC_ISA_USAGE = YES_ERROR;
				CLANG_WARN_DOCUMENTATION_COMMENTS = YES;
				CLANG_WARN_EMPTY_BODY = YES;
				CLANG_WARN_ENUM_CONVERSION = YES;
				CLANG_WARN_INFINITE_RECURSION = YES;
				CLANG_WARN_INT_CONVERSION = YES;
				CLANG_WARN_NON_LITERAL_NULL_CONVERSION = YES;
				CLANG_WARN_OBJC_IMPLICIT_RETAIN_SELF = YES;
				CLANG_WARN_OBJC_LITERAL_CONVERSION = YES;
				CLANG_WARN_OBJC_ROOT_CLASS = YES_ERROR;
				CLANG_WARN_QUOTED_INCLUDE_IN_FRAMEWORK_HEADER = YES;
				CLANG_WARN_RANGE_LOOP_ANALYSIS = YES;
				CLANG_WARN_STRICT_PROTOTYPES = YES;
				CLANG_WARN_SUSPICIOUS_MOVE = YES;
				CLANG_WARN_UNGUARDED_AVAILABILITY = YES_AGGRESSIVE;
				CLANG_WARN_UNREACHABLE_CODE = YES;
				CLANG_WARN__DUPLICATE_METHOD_MATCH = YES;
				COPY_PHASE_STRIP = NO;
				CURRENT_PROJECT_VERSION = 1;
				DEBUG_INFORMATION_FORMAT = dwarf;
				ENABLE_STRICT_OBJC_MSGSEND = YES;
				ENABLE_TESTABILITY = YES;
				GCC_C_LANGUAGE_STANDARD = gnu11;
				GCC_DYNAMIC_NO_PIC = NO;
				GCC_NO_COMMON_BLOCKS = YES;
				GCC_OPTIMIZATION_LEVEL = 0;
				GCC_PREPROCESSOR_DEFINITIONS = (
					"$(inherited)",
					"DEBUG=1",
				);
				GCC_WARN_64_TO_32_BIT_CONVERSION = YES;
				GCC_WARN_ABOUT_RETURN_TYPE = YES_ERROR;
				GCC_WARN_UNDECLARED_SELECTOR = YES;
				GCC_WARN_UNINITIALIZED_AUTOS = YES_AGGRESSIVE;
				GCC_WARN_UNUSED_FUNCTION = YES;
				GCC_WARN_UNUSED_VARIABLE = YES;
				IPHONEOS_DEPLOYMENT_TARGET = 17.0;
				MARKETING_VERSION = 0.1.0;
				MTL_ENABLE_DEBUG_INFO = INCLUDE_SOURCE;
				MTL_FAST_MATH = YES;
				ONLY_ACTIVE_ARCH = YES;
				PRODUCT_NAME = "$(TARGET_NAME)";
				SDKROOT = iphoneos;
				SWIFT_ACTIVE_COMPILATION_CONDITIONS = DEBUG;
				SWIFT_OPTIMIZATION_LEVEL = "-Onone";
				SWIFT_STRICT_CONCURRENCY = complete;
				SWIFT_VERSION = 6.0;
			};
			name = Debug;
		};
		6A083418FF2585E72BF562D7 /* Release */ = {
			isa = XCBuildConfiguration;
			buildSettings = {
				ALWAYS_SEARCH_USER_PATHS = NO;
				CLANG_ANALYZER_NONNULL = YES;
				CLANG_ANALYZER_NUMBER_OBJECT_CONVERSION = YES_AGGRESSIVE;
				CLANG_CXX_LANGUAGE_STANDARD = "gnu++14";
				CLANG_CXX_LIBRARY = "libc++";
				CLANG_ENABLE_MODULES = YES;
				CLANG_ENABLE_OBJC_ARC = YES;
				CLANG_ENABLE_OBJC_WEAK = YES;
				CLANG_WARN_BLOCK_CAPTURE_AUTORELEASING = YES;
				CLANG_WARN_BOOL_CONVERSION = YES;
				CLANG_WARN_COMMA = YES;
				CLANG_WARN_CONSTANT_CONVERSION = YES;
				CLANG_WARN_DEPRECATED_OBJC_IMPLEMENTATIONS = YES;
				CLANG_WARN_DIRECT_OBJC_ISA_USAGE = YES_ERROR;
				CLANG_WARN_DOCUMENTATION_COMMENTS = YES;
				CLANG_WARN_EMPTY_BODY = YES;
				CLANG_WARN_ENUM_CONVERSION = YES;
				CLANG_WARN_INFINITE_RECURSION = YES;
				CLANG_WARN_INT_CONVERSION = YES;
				CLANG_WARN_NON_LITERAL_NULL_CONVERSION = YES;
				CLANG_WARN_OBJC_IMPLICIT_RETAIN_SELF = YES;
				CLANG_WARN_OBJC_LITERAL_CONVERSION = YES;
				CLANG_WARN_OBJC_ROOT_CLASS = YES_ERROR;
				CLANG_WARN_QUOTED_INCLUDE_IN_FRAMEWORK_HEADER = YES;
				CLANG_WARN_RANGE_LOOP_ANALYSIS = YES;
				CLANG_WARN_STRICT_PROTOTYPES = YES;
				CLANG_WARN_SUSPICIOUS_MOVE = YES;
				CLANG_WARN_UNGUARDED_AVAILABILITY = YES_AGGRESSIVE;
				CLANG_WARN_UNREACHABLE_CODE = YES;
				CLANG_WARN__DUPLICATE_METHOD_MATCH = YES;
				COPY_PHASE_STRIP = NO;
				CURRENT_PROJECT_VERSION = 1;
				DEBUG_INFORMATION_FORMAT = "dwarf-with-dsym";
				ENABLE_NS_ASSERTIONS = NO;
				ENABLE_STRICT_OBJC_MSGSEND = YES;
				GCC_C_LANGUAGE_STANDARD = gnu11;
				GCC_NO_COMMON_BLOCKS = YES;
				GCC_WARN_64_TO_32_BIT_CONVERSION = YES;
				GCC_WARN_ABOUT_RETURN_TYPE = YES_ERROR;
				GCC_WARN_UNDECLARED_SELECTOR = YES;
				GCC_WARN_UNINITIALIZED_AUTOS = YES_AGGRESSIVE;
				GCC_WARN_UNUSED_FUNCTION = YES;
				GCC_WARN_UNUSED_VARIABLE = YES;
				IPHONEOS_DEPLOYMENT_TARGET = 17.0;
				MARKETING_VERSION = 0.1.0;
				MTL_ENABLE_DEBUG_INFO = NO;
				MTL_FAST_MATH = YES;
				PRODUCT_NAME = "$(TARGET_NAME)";
				SDKROOT = iphoneos;
				SWIFT_COMPILATION_MODE = wholemodule;
				SWIFT_OPTIMIZATION_LEVEL = "-O";
				SWIFT_STRICT_CONCURRENCY = complete;
				SWIFT_VERSION = 6.0;
			};
			name = Release;
		};
		B200B097DD29BD752D3F92CC /* Release */ = {
			isa = XCBuildConfiguration;
			buildSettings = {
				ASSETCATALOG_COMPILER_APPICON_NAME = AppIcon;
				CODE_SIGN_IDENTITY = "iPhone Developer";
				INFOPLIST_FILE = App/Info.plist;
				LD_RUNPATH_SEARCH_PATHS = (
					"$(inherited)",
					"@executable_path/Frameworks",
				);
				PRODUCT_BUNDLE_IDENTIFIER = ru.andronov.life;
				SDKROOT = iphoneos;
				TARGETED_DEVICE_FAMILY = 1;
			};
			name = Release;
		};
/* End XCBuildConfiguration section */

/* Begin XCConfigurationList section */
		32BBB3D6D7268354B04A1966 /* Build configuration list for PBXNativeTarget "LifeTests" */ = {
			isa = XCConfigurationList;
			buildConfigurations = (
				63C6101C9B802E2835908D21 /* Debug */,
				372421C82EBDC575E1ECB317 /* Release */,
			);
			defaultConfigurationIsVisible = 0;
			defaultConfigurationName = Debug;
		};
		5704AD7FBFB96B7CC2FF0DC8 /* Build configuration list for PBXProject "Life" */ = {
			isa = XCConfigurationList;
			buildConfigurations = (
				65F7E1884D8C195FC4FC19AE /* Debug */,
				6A083418FF2585E72BF562D7 /* Release */,
			);
			defaultConfigurationIsVisible = 0;
			defaultConfigurationName = Debug;
		};
		902D66D1E9F45CD3052252BB /* Build configuration list for PBXNativeTarget "Life" */ = {
			isa = XCConfigurationList;
			buildConfigurations = (
				5E6DD41302CEDA8E21DC6015 /* Debug */,
				B200B097DD29BD752D3F92CC /* Release */,
			);
			defaultConfigurationIsVisible = 0;
			defaultConfigurationName = Debug;
		};
/* End XCConfigurationList section */
	};
	rootObject = DEA06EB59EF8C102FE482645 /* Project object */;
}
